// !$*UTF8*$!
{
	archiveVersion = 1;
	classes = {
	};
	objectVersion = 77;
	objects = {

/* Begin PBXBuildFile section */
		58916102304FA8D5009A69D0 /* AppDelegate.swift in Sources */ = {isa = PBXBuildFile; fileRef = 58916101304FA8D5009A69D0 /* AppDelegate.swift */; };
		58916106304FA8D5009A69D0 /* Main.html in Resources */ = {isa = PBXBuildFile; fileRef = 58916104304FA8D5009A69D0 /* Main.html */; };
		58916108304FA8D5009A69D0 /* Icon.png in Resources */ = {isa = PBXBuildFile; fileRef = 58916107304FA8D5009A69D0 /* Icon.png */; };
		5891610A304FA8D5009A69D0 /* Style.css in Resources */ = {isa = PBXBuildFile; fileRef = 58916109304FA8D5009A69D0 /* Style.css */; };
		5891610C304FA8D5009A69D0 /* Script.js in Resources */ = {isa = PBXBuildFile; fileRef = 5891610B304FA8D5009A69D0 /* Script.js */; };
		5891610E304FA8D5009A69D0 /* ViewController.swift in Sources */ = {isa = PBXBuildFile; fileRef = 5891610D304FA8D5009A69D0 /* ViewController.swift */; };
		58916111304FA8D5009A69D0 /* Main.storyboard in Resources */ = {isa = PBXBuildFile; fileRef = 5891610F304FA8D5009A69D0 /* Main.storyboard */; };
		58916113304FA8D6009A69D0 /* Assets.xcassets in Resources */ = {isa = PBXBuildFile; fileRef = 58916112304FA8D6009A69D0 /* Assets.xcassets */; };
		5891611A304FA8D6009A69D0 /* vimplug Extension.appex in Embed Foundation Extensions */ = {isa = PBXBuildFile; fileRef = 58916119304FA8D6009A69D0 /* vimplug Extension.appex */; settings = {ATTRIBUTES = (RemoveHeadersOnCopy, ); }; };
		5891611F304FA8D6009A69D0 /* SafariWebExtensionHandler.swift in Sources */ = {isa = PBXBuildFile; fileRef = 5891611E304FA8D6009A69D0 /* SafariWebExtensionHandler.swift */; };
		58916137304FA8D6009A69D0 /* icon-16.png in Resources */ = {isa = PBXBuildFile; fileRef = 5891612B304FA8D6009A69D0 /* icon-16.png */; };
		58916138304FA8D6009A69D0 /* background.js in Resources */ = {isa = PBXBuildFile; fileRef = 5891612C304FA8D6009A69D0 /* background.js */; };
		58916139304FA8D6009A69D0 /* icon-48.png in Resources */ = {isa = PBXBuildFile; fileRef = 5891612D304FA8D6009A69D0 /* icon-48.png */; };
		5891613A304FA8D6009A69D0 /* options.js in Resources */ = {isa = PBXBuildFile; fileRef = 5891612E304FA8D6009A69D0 /* options.js */; };
		5891613B304FA8D6009A69D0 /* bootstrap.js in Resources */ = {isa = PBXBuildFile; fileRef = 5891612F304FA8D6009A69D0 /* bootstrap.js */; };
		5891613C304FA8D6009A69D0 /* manifest.json in Resources */ = {isa = PBXBuildFile; fileRef = 58916130304FA8D6009A69D0 /* manifest.json */; };
		5891613D304FA8D6009A69D0 /* options.html in Resources */ = {isa = PBXBuildFile; fileRef = 58916131304FA8D6009A69D0 /* options.html */; };
		5891613E304FA8D6009A69D0 /* content.js in Resources */ = {isa = PBXBuildFile; fileRef = 58916132304FA8D6009A69D0 /* content.js */; };
		5891613F304FA8D6009A69D0 /* icon-128.png in Resources */ = {isa = PBXBuildFile; fileRef = 58916133304FA8D6009A69D0 /* icon-128.png */; };
		58916140304FA8D6009A69D0 /* icon-32.png in Resources */ = {isa = PBXBuildFile; fileRef = 58916134304FA8D6009A69D0 /* icon-32.png */; };
		58916141304FA8D6009A69D0 /* options.css in Resources */ = {isa = PBXBuildFile; fileRef = 58916135304FA8D6009A69D0 /* options.css */; };
		58916142304FA8D6009A69D0 /* icon-512.png in Resources */ = {isa = PBXBuildFile; fileRef = 58916136304FA8D6009A69D0 /* icon-512.png */; };
/* End PBXBuildFile section */

/* Begin PBXContainerItemProxy section */
		5891611B304FA8D6009A69D0 /* PBXContainerItemProxy */ = {
			isa = PBXContainerItemProxy;
			containerPortal = 589160F6304FA8D5009A69D0 /* Project object */;
			proxyType = 1;
			remoteGlobalIDString = 58916118304FA8D6009A69D0;
			remoteInfo = "vimplug Extension";
		};
/* End PBXContainerItemProxy section */

/* Begin PBXCopyFilesBuildPhase section */
		58916126304FA8D6009A69D0 /* Embed Foundation Extensions */ = {
			isa = PBXCopyFilesBuildPhase;
			buildActionMask = 2147483647;
			dstPath = "";
			dstSubfolderSpec = 13;
			files = (
				5891611A304FA8D6009A69D0 /* vimplug Extension.appex in Embed Foundation Extensions */,
			);
			name = "Embed Foundation Extensions";
			runOnlyForDeploymentPostprocessing = 0;
		};
/* End PBXCopyFilesBuildPhase section */

/* Begin PBXFileReference section */
		589160FE304FA8D5009A69D0 /* vimplug.app */ = {isa = PBXFileReference; explicitFileType = wrapper.application; includeInIndex = 0; path = vimplug.app; sourceTree = BUILT_PRODUCTS_DIR; };
		58916101304FA8D5009A69D0 /* AppDelegate.swift */ = {isa = PBXFileReference; lastKnownFileType = sourcecode.swift; path = AppDelegate.swift; sourceTree = "<group>"; };
		58916105304FA8D5009A69D0 /* Base */ = {isa = PBXFileReference; lastKnownFileType = text.html; name = Base; path = Base.lproj/Main.html; sourceTree = "<group>"; };
		58916107304FA8D5009A69D0 /* Icon.png */ = {isa = PBXFileReference; lastKnownFileType = image.png; path = Icon.png; sourceTree = "<group>"; };
		58916109304FA8D5009A69D0 /* Style.css */ = {isa = PBXFileReference; lastKnownFileType = text.css; path = Style.css; sourceTree = "<group>"; };
		5891610B304FA8D5009A69D0 /* Script.js */ = {isa = PBXFileReference; lastKnownFileType = sourcecode.javascript; path = Script.js; sourceTree = "<group>"; };
		5891610D304FA8D5009A69D0 /* ViewController.swift */ = {isa = PBXFileReference; lastKnownFileType = sourcecode.swift; path = ViewController.swift; sourceTree = "<group>"; };
		58916110304FA8D5009A69D0 /* Base */ = {isa = PBXFileReference; lastKnownFileType = file.storyboard; name = Base; path = Base.lproj/Main.storyboard; sourceTree = "<group>"; };
		58916112304FA8D6009A69D0 /* Assets.xcassets */ = {isa = PBXFileReference; lastKnownFileType = folder.assetcatalog; path = Assets.xcassets; sourceTree = "<group>"; };
		58916114304FA8D6009A69D0 /* Info.plist */ = {isa = PBXFileReference; lastKnownFileType = text.plist.xml; path = Info.plist; sourceTree = "<group>"; };
		58916119304FA8D6009A69D0 /* vimplug Extension.appex */ = {isa = PBXFileReference; explicitFileType = "wrapper.app-extension"; includeInIndex = 0; path = "vimplug Extension.appex"; sourceTree = BUILT_PRODUCTS_DIR; };
		5891611E304FA8D6009A69D0 /* SafariWebExtensionHandler.swift */ = {isa = PBXFileReference; lastKnownFileType = sourcecode.swift; path = SafariWebExtensionHandler.swift; sourceTree = "<group>"; };
		58916120304FA8D6009A69D0 /* Info.plist */ = {isa = PBXFileReference; lastKnownFileType = text.plist.xml; path = Info.plist; sourceTree = "<group>"; };
		5891612B304FA8D6009A69D0 /* icon-16.png */ = {isa = PBXFileReference; lastKnownFileType = image.png; name = "icon-16.png"; path = "../../../dist/safari/icon-16.png"; sourceTree = "<group>"; };
		5891612C304FA8D6009A69D0 /* background.js */ = {isa = PBXFileReference; lastKnownFileType = sourcecode.javascript; name = background.js; path = ../../../dist/safari/background.js; sourceTree = "<group>"; };
		5891612D304FA8D6009A69D0 /* icon-48.png */ = {isa = PBXFileReference; lastKnownFileType = image.png; name = "icon-48.png"; path = "../../../dist/safari/icon-48.png"; sourceTree = "<group>"; };
		5891612E304FA8D6009A69D0 /* options.js */ = {isa = PBXFileReference; lastKnownFileType = sourcecode.javascript; name = options.js; path = ../../../dist/safari/options.js; sourceTree = "<group>"; };
		5891612F304FA8D6009A69D0 /* bootstrap.js */ = {isa = PBXFileReference; lastKnownFileType = sourcecode.javascript; name = bootstrap.js; path = ../../../dist/safari/bootstrap.js; sourceTree = "<group>"; };
		58916130304FA8D6009A69D0 /* manifest.json */ = {isa = PBXFileReference; lastKnownFileType = text.json; name = manifest.json; path = ../../../dist/safari/manifest.json; sourceTree = "<group>"; };
		58916131304FA8D6009A69D0 /* options.html */ = {isa = PBXFileReference; lastKnownFileType = text.html; name = options.html; path = ../../../dist/safari/options.html; sourceTree = "<group>"; };
		58916132304FA8D6009A69D0 /* content.js */ = {isa = PBXFileReference; lastKnownFileType = sourcecode.javascript; name = content.js; path = ../../../dist/safari/content.js; sourceTree = "<group>"; };
		58916133304FA8D6009A69D0 /* icon-128.png */ = {isa = PBXFileReference; lastKnownFileType = image.png; name = "icon-128.png"; path = "../../../dist/safari/icon-128.png"; sourceTree = "<group>"; };
		58916134304FA8D6009A69D0 /* icon-32.png */ = {isa = PBXFileReference; lastKnownFileType = image.png; name = "icon-32.png"; path = "../../../dist/safari/icon-32.png"; sourceTree = "<group>"; };
		58916135304FA8D6009A69D0 /* options.css */ = {isa = PBXFileReference; lastKnownFileType = text.css; name = options.css; path = ../../../dist/safari/options.css; sourceTree = "<group>"; };
		58916136304FA8D6009A69D0 /* icon-512.png */ = {isa = PBXFileReference; lastKnownFileType = image.png; name = "icon-512.png"; path = "../../../dist/safari/icon-512.png"; sourceTree = "<group>"; };
/* End PBXFileReference section */

/* Begin PBXFrameworksBuildPhase section */
		589160FB304FA8D5009A69D0 /* Frameworks */ = {
			isa = PBXFrameworksBuildPhase;
			buildActionMask = 2147483647;
			files = (
			);
			runOnlyForDeploymentPostprocessing = 0;
		};
		58916116304FA8D6009A69D0 /* Frameworks */ = {
			isa = PBXFrameworksBuildPhase;
			buildActionMask = 2147483647;
			files = (
			);
			runOnlyForDeploymentPostprocessing = 0;
		};
/* End PBXFrameworksBuildPhase section */

/* Begin PBXGroup section */
		589160F5304FA8D5009A69D0 = {
			isa = PBXGroup;
			children = (
				58916100304FA8D5009A69D0 /* vimplug */,
				5891611D304FA8D6009A69D0 /* vimplug Extension */,
				589160FF304FA8D5009A69D0 /* Products */,
			);
			sourceTree = "<group>";
		};
		589160FF304FA8D5009A69D0 /* Products */ = {
			isa = PBXGroup;
			children = (
				589160FE304FA8D5009A69D0 /* vimplug.app */,
				58916119304FA8D6009A69D0 /* vimplug Extension.appex */,
			);
			name = Products;
			sourceTree = "<group>";
		};
		58916100304FA8D5009A69D0 /* vimplug */ = {
			isa = PBXGroup;
			children = (
				58916101304FA8D5009A69D0 /* AppDelegate.swift */,
				5891610D304FA8D5009A69D0 /* ViewController.swift */,
				5891610F304FA8D5009A69D0 /* Main.storyboard */,
				58916112304FA8D6009A69D0 /* Assets.xcassets */,
				58916114304FA8D6009A69D0 /* Info.plist */,
				58916103304FA8D5009A69D0 /* Resources */,
			);
			path = vimplug;
			sourceTree = "<group>";
		};
		58916103304FA8D5009A69D0 /* Resources */ = {
			isa = PBXGroup;
			children = (
				58916104304FA8D5009A69D0 /* Main.html */,
				58916107304FA8D5009A69D0 /* Icon.png */,
				58916109304FA8D5009A69D0 /* Style.css */,
				5891610B304FA8D5009A69D0 /* Script.js */,
			);
			path = Resources;
			sourceTree = "<group>";
		};
		5891611D304FA8D6009A69D0 /* vimplug Extension */ = {
			isa = PBXGroup;
			children = (
				5891612A304FA8D6009A69D0 /* Resources */,
				5891611E304FA8D6009A69D0 /* SafariWebExtensionHandler.swift */,
				58916120304FA8D6009A69D0 /* Info.plist */,
			);
			path = "vimplug Extension";
			sourceTree = "<group>";
		};
		5891612A304FA8D6009A69D0 /* Resources */ = {
			isa = PBXGroup;
			children = (
				5891612B304FA8D6009A69D0 /* icon-16.png */,
				5891612C304FA8D6009A69D0 /* background.js */,
				5891612D304FA8D6009A69D0 /* icon-48.png */,
				5891612E304FA8D6009A69D0 /* options.js */,
				5891612F304FA8D6009A69D0 /* bootstrap.js */,
				58916130304FA8D6009A69D0 /* manifest.json */,
				58916131304FA8D6009A69D0 /* options.html */,
				58916132304FA8D6009A69D0 /* content.js */,
				58916133304FA8D6009A69D0 /* icon-128.png */,
				58916134304FA8D6009A69D0 /* icon-32.png */,
				58916135304FA8D6009A69D0 /* options.css */,
				58916136304FA8D6009A69D0 /* icon-512.png */,
			);
			name = Resources;
			path = "vimplug Extension";
			sourceTree = SOURCE_ROOT;
		};
/* End PBXGroup section */

/* Begin PBXNativeTarget section */
		589160FD304FA8D5009A69D0 /* vimplug */ = {
			isa = PBXNativeTarget;
			buildConfigurationList = 58916127304FA8D6009A69D0 /* Build configuration list for PBXNativeTarget "vimplug" */;
			buildPhases = (
				589160FA304FA8D5009A69D0 /* Sources */,
				589160FB304FA8D5009A69D0 /* Frameworks */,
				589160FC304FA8D5009A69D0 /* Resources */,
				58916126304FA8D6009A69D0 /* Embed Foundation Extensions */,
			);
			buildRules = (
			);
			dependencies = (
				5891611C304FA8D6009A69D0 /* PBXTargetDependency */,
			);
			name = vimplug;
			packageProductDependencies = (
			);
			productName = vimplug;
			productReference = 589160FE304FA8D5009A69D0 /* vimplug.app */;
			productType = "com.apple.product-type.application";
		};
		58916118304FA8D6009A69D0 /* vimplug Extension */ = {
			isa = PBXNativeTarget;
			buildConfigurationList = 58916123304FA8D6009A69D0 /* Build configuration list for PBXNativeTarget "vimplug Extension" */;
			buildPhases = (
				58916115304FA8D6009A69D0 /* Sources */,
				58916116304FA8D6009A69D0 /* Frameworks */,
				58916117304FA8D6009A69D0 /* Resources */,
			);
			buildRules = (
			);
			dependencies = (
			);
			name = "vimplug Extension";
			packageProductDependencies = (
			);
			productName = "vimplug Extension";
			productReference = 58916119304FA8D6009A69D0 /* vimplug Extension.appex */;
			productType = "com.apple.product-type.app-extension";
		};
/* End PBXNativeTarget section */

/* Begin PBXProject section */
		589160F6304FA8D5009A69D0 /* Project object */ = {
			isa = PBXProject;
			attributes = {
				BuildIndependentTargetsInParallel = 1;
				LastSwiftUpdateCheck = 2630;
				LastUpgradeCheck = 2630;
				TargetAttributes = {
					589160FD304FA8D5009A69D0 = {
						CreatedOnToolsVersion = 26.3;
					};
					58916118304FA8D6009A69D0 = {
						CreatedOnToolsVersion = 26.3;
					};
				};
			};
			buildConfigurationList = 589160F9304FA8D5009A69D0 /* Build configuration list for PBXProject "vimplug" */;
			developmentRegion = en;
			hasScannedForEncodings = 0;
			knownRegions = (
				en,
				Base,
			);
			mainGroup = 589160F5304FA8D5009A69D0;
			minimizedProjectReferenceProxies = 1;
			preferredProjectObjectVersion = 77;
			productRefGroup = 589160FF304FA8D5009A69D0 /* Products */;
			projectDirPath = "";
			projectRoot = "";
			targets = (
				589160FD304FA8D5009A69D0 /* vimplug */,
				58916118304FA8D6009A69D0 /* vimplug Extension */,
			);
		};
/* End PBXProject section */

/* Begin PBXResourcesBuildPhase section */
		589160FC304FA8D5009A69D0 /* Resources */ = {
			isa = PBXResourcesBuildPhase;
			buildActionMask = 2147483647;
			files = (
				58916108304FA8D5009A69D0 /* Icon.png in Resources */,
				58916111304FA8D5009A69D0 /* Main.storyboard in Resources */,
				5891610C304FA8D5009A69D0 /* Script.js in Resources */,
				58916106304FA8D5009A69D0 /* Main.html in Resources */,
				58916113304FA8D6009A69D0 /* Assets.xcassets in Resources */,
				5891610A304FA8D5009A69D0 /* Style.css in Resources */,
			);
			runOnlyForDeploymentPostprocessing = 0;
		};
		58916117304FA8D6009A69D0 /* Resources */ = {
			isa = PBXResourcesBuildPhase;
			buildActionMask = 2147483647;
			files = (
				5891613E304FA8D6009A69D0 /* content.js in Resources */,
				5891613D304FA8D6009A69D0 /* options.html in Resources */,
				5891613F304FA8D6009A69D0 /* icon-128.png in Resources */,
				58916140304FA8D6009A69D0 /* icon-32.png in Resources */,
				58916138304FA8D6009A69D0 /* background.js in Resources */,
				58916142304FA8D6009A69D0 /* icon-512.png in Resources */,
				5891613A304FA8D6009A69D0 /* options.js in Resources */,
				5891613B304FA8D6009A69D0 /* bootstrap.js in Resources */,
				58916137304FA8D6009A69D0 /* icon-16.png in Resources */,
				5891613C304FA8D6009A69D0 /* manifest.json in Resources */,
				58916141304FA8D6009A69D0 /* options.css in Resources */,
				58916139304FA8D6009A69D0 /* icon-48.png in Resources */,
			);
			runOnlyForDeploymentPostprocessing = 0;
		};
/* End PBXResourcesBuildPhase section */

/* Begin PBXSourcesBuildPhase section */
		589160FA304FA8D5009A69D0 /* Sources */ = {
			isa = PBXSourcesBuildPhase;
			buildActionMask = 2147483647;
			files = (
				5891610E304FA8D5009A69D0 /* ViewController.swift in Sources */,
				58916102304FA8D5009A69D0 /* AppDelegate.swift in Sources */,
			);
			runOnlyForDeploymentPostprocessing = 0;
		};
		58916115304FA8D6009A69D0 /* Sources */ = {
			isa = PBXSourcesBuildPhase;
			buildActionMask = 2147483647;
			files = (
				5891611F304FA8D6009A69D0 /* SafariWebExtensionHandler.swift in Sources */,
			);
			runOnlyForDeploymentPostprocessing = 0;
		};
/* End PBXSourcesBuildPhase section */

/* Begin PBXTargetDependency section */
		5891611C304FA8D6009A69D0 /* PBXTargetDependency */ = {
			isa = PBXTargetDependency;
			target = 58916118304FA8D6009A69D0 /* vimplug Extension */;
			targetProxy = 5891611B304FA8D6009A69D0 /* PBXContainerItemProxy */;
		};
/* End PBXTargetDependency section */

/* Begin PBXVariantGroup section */
		58916104304FA8D5009A69D0 /* Main.html */ = {
			isa = PBXVariantGroup;
			children = (
				58916105304FA8D5009A69D0 /* Base */,
			);
			name = Main.html;
			sourceTree = "<group>";
		};
		5891610F304FA8D5009A69D0 /* Main.storyboard */ = {
			isa = PBXVariantGroup;
			children = (
				58916110304FA8D5009A69D0 /* Base */,
			);
			name = Main.storyboard;
			sourceTree = "<group>";
		};
/* End PBXVariantGroup section */

/* Begin XCBuildConfiguration section */
		58916121304FA8D6009A69D0 /* Debug */ = {
			isa = XCBuildConfiguration;
			buildSettings = {
				ALWAYS_SEARCH_USER_PATHS = NO;
				ASSETCATALOG_COMPILER_GENERATE_SWIFT_ASSET_SYMBOL_EXTENSIONS = YES;
				CLANG_ANALYZER_NONNULL = YES;
				CLANG_ANALYZER_NUMBER_OBJECT_CONVERSION = YES_AGGRESSIVE;
				CLANG_CXX_LANGUAGE_STANDARD = "gnu++20";
				CLANG_ENABLE_MODULES = YES;
				CLANG_ENABLE_OBJC_ARC = YES;
				CLANG_ENABLE_OBJC_WEAK = YES;
				CLANG_WARN_BLOCK_CAPTURE_AUTORELEASING = YES;
				CLANG_WARN_BOOL_CONVERSION = YES;
				CLANG_WARN_COMMA = YES;
				CLANG_WARN_CONSTANT_CONVERSION = YES;
				CLANG_WARN_DEPRECATED_OBJC_IMPLEMENTATIONS = YES;
				CLANG_WARN_DIRECT_OBJC_ISA_USAGE = YES_ERROR;
				CLANG_WARN_DOCUMENTATION_COMMENTS = YES;
				CLANG_WARN_EMPTY_BODY = YES;
				CLANG_WARN_ENUM_CONVERSION = YES;
				CLANG_WARN_INFINITE_RECURSION = YES;
				CLANG_WARN_INT_CONVERSION = YES;
				CLANG_WARN_NON_LITERAL_NULL_CONVERSION = YES;
				CLANG_WARN_OBJC_IMPLICIT_RETAIN_SELF = YES;
				CLANG_WARN_OBJC_LITERAL_CONVERSION = YES;
				CLANG_WARN_OBJC_ROOT_CLASS = YES_ERROR;
				CLANG_WARN_QUOTED_INCLUDE_IN_FRAMEWORK_HEADER = YES;
				CLANG_WARN_RANGE_LOOP_ANALYSIS = YES;
				CLANG_WARN_STRICT_PROTOTYPES = YES;
				CLANG_WARN_SUSPICIOUS_MOVE = YES;
				CLANG_WARN_UNGUARDED_AVAILABILITY = YES_AGGRESSIVE;
				CLANG_WARN_UNREACHABLE_CODE = YES;
				CLANG_WARN__DUPLICATE_METHOD_MATCH = YES;
				COPY_PHASE_STRIP = NO;
				DEBUG_INFORMATION_FORMAT = dwarf;
				ENABLE_STRICT_OBJC_MSGSEND = YES;
				ENABLE_TESTABILITY = YES;
				ENABLE_USER_SCRIPT_SANDBOXING = YES;
				GCC_C_LANGUAGE_STANDARD = gnu17;
				GCC_DYNAMIC_NO_PIC = NO;
				GCC_NO_COMMON_BLOCKS = YES;
				GCC_OPTIMIZATION_LEVEL = 0;
				GCC_PREPROCESSOR_DEFINITIONS = (
					"DEBUG=1",
					"$(inherited)",
				);
				GCC_WARN_64_TO_32_BIT_CONVERSION = YES;
				GCC_WARN_ABOUT_RETURN_TYPE = YES_ERROR;
				GCC_WARN_UNDECLARED_SELECTOR = YES;
				GCC_WARN_UNINITIALIZED_AUTOS = YES_AGGRESSIVE;
				GCC_WARN_UNUSED_FUNCTION = YES;
				GCC_WARN_UNUSED_VARIABLE = YES;
				LOCALIZATION_PREFERS_STRING_CATALOGS = YES;
				MACOSX_DEPLOYMENT_TARGET = 15.7;
				MTL_ENABLE_DEBUG_INFO = INCLUDE_SOURCE;
				MTL_FAST_MATH = YES;
				ONLY_ACTIVE_ARCH = YES;
				SDKROOT = macosx;
				SWIFT_ACTIVE_COMPILATION_CONDITIONS = "DEBUG $(inherited)";
				SWIFT_OPTIMIZATION_LEVEL = "-Onone";
			};
			name = Debug;
		};
		58916122304FA8D6009A69D0 /* Release */ = {
			isa = XCBuildConfiguration;
			buildSettings = {
				ALWAYS_SEARCH_USER_PATHS = NO;
				ASSETCATALOG_COMPILER_GENERATE_SWIFT_ASSET_SYMBOL_EXTENSIONS = YES;
				CLANG_ANALYZER_NONNULL = YES;
				CLANG_ANALYZER_NUMBER_OBJECT_CONVERSION = YES_AGGRESSIVE;
				CLANG_CXX_LANGUAGE_STANDARD = "gnu++20";
				CLANG_ENABLE_MODULES = YES;
				CLANG_ENABLE_OBJC_ARC = YES;
				CLANG_ENABLE_OBJC_WEAK = YES;
				CLANG_WARN_BLOCK_CAPTURE_AUTORELEASING = YES;
				CLANG_WARN_BOOL_CONVERSION = YES;
				CLANG_WARN_COMMA = YES;
				CLANG_WARN_CONSTANT_CONVERSION = YES;
				CLANG_WARN_DEPRECATED_OBJC_IMPLEMENTATIONS = YES;
				CLANG_WARN_DIRECT_OBJC_ISA_USAGE = YES_ERROR;
				CLANG_WARN_DOCUMENTATION_COMMENTS = YES;
				CLANG_WARN_EMPTY_BODY = YES;
				CLANG_WARN_ENUM_CONVERSION = YES;
				CLANG_WARN_INFINITE_RECURSION = YES;
				CLANG_WARN_INT_CONVERSION = YES;
				CLANG_WARN_NON_LITERAL_NULL_CONVERSION = YES;
				CLANG_WARN_OBJC_IMPLICIT_RETAIN_SELF = YES;
				CLANG_WARN_OBJC_LITERAL_CONVERSION = YES;
				CLANG_WARN_OBJC_ROOT_CLASS = YES_ERROR;
				CLANG_WARN_QUOTED_INCLUDE_IN_FRAMEWORK_HEADER = YES;
				CLANG_WARN_RANGE_LOOP_ANALYSIS = YES;
				CLANG_WARN_STRICT_PROTOTYPES = YES;
				CLANG_WARN_SUSPICIOUS_MOVE = YES;
				CLANG_WARN_UNGUARDED_AVAILABILITY = YES_AGGRESSIVE;
				CLANG_WARN_UNREACHABLE_CODE = YES;
				CLANG_WARN__DUPLICATE_METHOD_MATCH = YES;
				COPY_PHASE_STRIP = NO;
				DEBUG_INFORMATION_FORMAT = "dwarf-with-dsym";
				ENABLE_NS_ASSERTIONS = NO;
				ENABLE_STRICT_OBJC_MSGSEND = YES;
				ENABLE_USER_SCRIPT_SANDBOXING = YES;
				GCC_C_LANGUAGE_STANDARD = gnu17;
				GCC_NO_COMMON_BLOCKS = YES;
				GCC_WARN_64_TO_32_BIT_CONVERSION = YES;
				GCC_WARN_ABOUT_RETURN_TYPE = YES_ERROR;
				GCC_WARN_UNDECLARED_SELECTOR = YES;
				GCC_WARN_UNINITIALIZED_AUTOS = YES_AGGRESSIVE;
				GCC_WARN_UNUSED_FUNCTION = YES;
				GCC_WARN_UNUSED_VARIABLE = YES;
				LOCALIZATION_PREFERS_STRING_CATALOGS = YES;
				MACOSX_DEPLOYMENT_TARGET = 15.7;
				MTL_ENABLE_DEBUG_INFO = NO;
				MTL_FAST_MATH = YES;
				SDKROOT = macosx;
				SWIFT_COMPILATION_MODE = wholemodule;
			};
			name = Release;
		};
		58916124304FA8D6009A69D0 /* Debug */ = {
			isa = XCBuildConfiguration;
			buildSettings = {
				CODE_SIGN_STYLE = Automatic;
				CURRENT_PROJECT_VERSION = 1;
				ENABLE_APP_SANDBOX = YES;
				ENABLE_HARDENED_RUNTIME = YES;
				ENABLE_USER_SELECTED_FILES = readonly;
				GENERATE_INFOPLIST_FILE = YES;
				INFOPLIST_FILE = "vimplug Extension/Info.plist";
				INFOPLIST_KEY_CFBundleDisplayName = "vimplug Extension";
				INFOPLIST_KEY_NSHumanReadableCopyright = "";
				LD_RUNPATH_SEARCH_PATHS = (
					"$(inherited)",
					"@executable_path/../Frameworks",
					"@executable_path/../../../../Frameworks",
				);
				MACOSX_DEPLOYMENT_TARGET = 10.14;
				MARKETING_VERSION = 1.0;
				OTHER_LDFLAGS = (
					"-framework",
					SafariServices,
				);
				PRODUCT_BUNDLE_IDENTIFIER = space.m1ng.vimplug.Extension;
				PRODUCT_NAME = "$(TARGET_NAME)";
				SKIP_INSTALL = YES;
				STRING_CATALOG_GENERATE_SYMBOLS = YES;
				SWIFT_APPROACHABLE_CONCURRENCY = YES;
				SWIFT_EMIT_LOC_STRINGS = YES;
				SWIFT_UPCOMING_FEATURE_MEMBER_IMPORT_VISIBILITY = YES;
				SWIFT_VERSION = 5.0;
			};
			name = Debug;
		};
		58916125304FA8D6009A69D0 /* Release */ = {
			isa = XCBuildConfiguration;
			buildSettings = {
				CODE_SIGN_STYLE = Automatic;
				CURRENT_PROJECT_VERSION = 1;
				ENABLE_APP_SANDBOX = YES;
				ENABLE_HARDENED_RUNTIME = YES;
				ENABLE_USER_SELECTED_FILES = readonly;
				GENERATE_INFOPLIST_FILE = YES;
				INFOPLIST_FILE = "vimplug Extension/Info.plist";
				INFOPLIST_KEY_CFBundleDisplayName = "vimplug Extension";
				INFOPLIST_KEY_NSHumanReadableCopyright = "";
				LD_RUNPATH_SEARCH_PATHS = (
					"$(inherited)",
					"@executable_path/../Frameworks",
					"@executable_path/../../../../Frameworks",
				);
				MACOSX_DEPLOYMENT_TARGET = 10.14;
				MARKETING_VERSION = 1.0;
				OTHER_LDFLAGS = (
					"-framework",
					SafariServices,
				);
				PRODUCT_BUNDLE_IDENTIFIER = space.m1ng.vimplug.Extension;
				PRODUCT_NAME = "$(TARGET_NAME)";
				SKIP_INSTALL = YES;
				STRING_CATALOG_GENERATE_SYMBOLS = YES;
				SWIFT_APPROACHABLE_CONCURRENCY = YES;
				SWIFT_EMIT_LOC_STRINGS = YES;
				SWIFT_UPCOMING_FEATURE_MEMBER_IMPORT_VISIBILITY = YES;
				SWIFT_VERSION = 5.0;
			};
			name = Release;
		};
		58916128304FA8D6009A69D0 /* Debug */ = {
			isa = XCBuildConfiguration;
			buildSettings = {
				ASSETCATALOG_COMPILER_APPICON_NAME = AppIcon;
				ASSETCATALOG_COMPILER_GLOBAL_ACCENT_COLOR_NAME = AccentColor;
				CODE_SIGN_STYLE = Automatic;
				COMBINE_HIDPI_IMAGES = YES;
				CURRENT_PROJECT_VERSION = 1;
				ENABLE_APP_SANDBOX = YES;
				ENABLE_HARDENED_RUNTIME = YES;
				ENABLE_OUTGOING_NETWORK_CONNECTIONS = YES;
				ENABLE_USER_SELECTED_FILES = readonly;
				GENERATE_INFOPLIST_FILE = YES;
				INFOPLIST_FILE = vimplug/Info.plist;
				INFOPLIST_KEY_CFBundleDisplayName = vimplug;
				INFOPLIST_KEY_NSHumanReadableCopyright = "";
				INFOPLIST_KEY_NSMainStoryboardFile = Main;
				INFOPLIST_KEY_NSPrincipalClass = NSApplication;
				LD_RUNPATH_SEARCH_PATHS = (
					"$(inherited)",
					"@executable_path/../Frameworks",
				);
				MARKETING_VERSION = 1.0;
				OTHER_LDFLAGS = (
					"-framework",
					SafariServices,
					"-framework",
					WebKit,
				);
				PRODUCT_BUNDLE_IDENTIFIER = space.m1ng.vimplug;
				PRODUCT_NAME = "$(TARGET_NAME)";
				REGISTER_APP_GROUPS = YES;
				STRING_CATALOG_GENERATE_SYMBOLS = YES;
				SWIFT_APPROACHABLE_CONCURRENCY = YES;
				SWIFT_DEFAULT_ACTOR_ISOLATION = MainActor;
				SWIFT_EMIT_LOC_STRINGS = YES;
				SWIFT_UPCOMING_FEATURE_MEMBER_IMPORT_VISIBILITY = YES;
				SWIFT_VERSION = 5.0;
			};
			name = Debug;
		};
		58916129304FA8D6009A69D0 /* Release */ = {
			isa = XCBuildConfiguration;
			buildSettings = {
				ASSETCATALOG_COMPILER_APPICON_NAME = AppIcon;
				ASSETCATALOG_COMPILER_GLOBAL_ACCENT_COLOR_NAME = AccentColor;
				CODE_SIGN_STYLE = Automatic;
				COMBINE_HIDPI_IMAGES = YES;
				CURRENT_PROJECT_VERSION = 1;
				ENABLE_APP_SANDBOX = YES;
				ENABLE_HARDENED_RUNTIME = YES;
				ENABLE_OUTGOING_NETWORK_CONNECTIONS = YES;
				ENABLE_USER_SELECTED_FILES = readonly;
				GENERATE_INFOPLIST_FILE = YES;
				INFOPLIST_FILE = vimplug/Info.plist;
				INFOPLIST_KEY_CFBundleDisplayName = vimplug;
				INFOPLIST_KEY_NSHumanReadableCopyright = "";
				INFOPLIST_KEY_NSMainStoryboardFile = Main;
				INFOPLIST_KEY_NSPrincipalClass = NSApplication;
				LD_RUNPATH_SEARCH_PATHS = (
					"$(inherited)",
					"@executable_path/../Frameworks",
				);
				MARKETING_VERSION = 1.0;
				OTHER_LDFLAGS = (
					"-framework",
					SafariServices,
					"-framework",
					WebKit,
				);
				PRODUCT_BUNDLE_IDENTIFIER = space.m1ng.vimplug;
				PRODUCT_NAME = "$(TARGET_NAME)";
				REGISTER_APP_GROUPS = YES;
				STRING_CATALOG_GENERATE_SYMBOLS = YES;
				SWIFT_APPROACHABLE_CONCURRENCY = YES;
				SWIFT_DEFAULT_ACTOR_ISOLATION = MainActor;
				SWIFT_EMIT_LOC_STRINGS = YES;
				SWIFT_UPCOMING_FEATURE_MEMBER_IMPORT_VISIBILITY = YES;
				SWIFT_VERSION = 5.0;
			};
			name = Release;
		};
/* End XCBuildConfiguration section */

/* Begin XCConfigurationList section */
		589160F9304FA8D5009A69D0 /* Build configuration list for PBXProject "vimplug" */ = {
			isa = XCConfigurationList;
			buildConfigurations = (
				58916121304FA8D6009A69D0 /* Debug */,
				58916122304FA8D6009A69D0 /* Release */,
			);
			defaultConfigurationIsVisible = 0;
			defaultConfigurationName = Release;
		};
		58916123304FA8D6009A69D0 /* Build configuration list for PBXNativeTarget "vimplug Extension" */ = {
			isa = XCConfigurationList;
			buildConfigurations = (
				58916124304FA8D6009A69D0 /* Debug */,
				58916125304FA8D6009A69D0 /* Release */,
			);
			defaultConfigurationIsVisible = 0;
			defaultConfigurationName = Release;
		};
		58916127304FA8D6009A69D0 /* Build configuration list for PBXNativeTarget "vimplug" */ = {
			isa = XCConfigurationList;
			buildConfigurations = (
				58916128304FA8D6009A69D0 /* Debug */,
				58916129304FA8D6009A69D0 /* Release */,
			);
			defaultConfigurationIsVisible = 0;
			defaultConfigurationName = Release;
		};
/* End XCConfigurationList section */
	};
	rootObject = 589160F6304FA8D5009A69D0 /* Project object */;
}
