// !$*UTF8*$!
{
	archiveVersion = 1;
	classes = {
	};
	objectVersion = 77;
	objects = {

/* Begin PBXBuildFile section */
		5878E677304F9B8200E335C4 /* AppDelegate.swift in Sources */ = {isa = PBXBuildFile; fileRef = 5878E676304F9B8200E335C4 /* AppDelegate.swift */; };
		5878E67B304F9B8200E335C4 /* Main.html in Resources */ = {isa = PBXBuildFile; fileRef = 5878E679304F9B8200E335C4 /* Main.html */; };
		5878E67D304F9B8200E335C4 /* Icon.png in Resources */ = {isa = PBXBuildFile; fileRef = 5878E67C304F9B8200E335C4 /* Icon.png */; };
		5878E67F304F9B8200E335C4 /* Style.css in Resources */ = {isa = PBXBuildFile; fileRef = 5878E67E304F9B8200E335C4 /* Style.css */; };
		5878E681304F9B8200E335C4 /* Script.js in Resources */ = {isa = PBXBuildFile; fileRef = 5878E680304F9B8200E335C4 /* Script.js */; };
		5878E683304F9B8200E335C4 /* ViewController.swift in Sources */ = {isa = PBXBuildFile; fileRef = 5878E682304F9B8200E335C4 /* ViewController.swift */; };
		5878E686304F9B8200E335C4 /* Main.storyboard in Resources */ = {isa = PBXBuildFile; fileRef = 5878E684304F9B8200E335C4 /* Main.storyboard */; };
		5878E688304F9B8300E335C4 /* Assets.xcassets in Resources */ = {isa = PBXBuildFile; fileRef = 5878E687304F9B8300E335C4 /* Assets.xcassets */; };
		5878E68F304F9B8300E335C4 /* vimplug Extension.appex in Embed Foundation Extensions */ = {isa = PBXBuildFile; fileRef = 5878E68E304F9B8300E335C4 /* vimplug Extension.appex */; settings = {ATTRIBUTES = (RemoveHeadersOnCopy, ); }; };
		5878E694304F9B8300E335C4 /* SafariWebExtensionHandler.swift in Sources */ = {isa = PBXBuildFile; fileRef = 5878E693304F9B8300E335C4 /* SafariWebExtensionHandler.swift */; };
		5878E6AC304F9B8300E335C4 /* icon-16.png in Resources */ = {isa = PBXBuildFile; fileRef = 5878E6A0304F9B8300E335C4 /* icon-16.png */; };
		5878E6AD304F9B8300E335C4 /* background.js in Resources */ = {isa = PBXBuildFile; fileRef = 5878E6A1304F9B8300E335C4 /* background.js */; };
		5878E6AE304F9B8300E335C4 /* icon-48.png in Resources */ = {isa = PBXBuildFile; fileRef = 5878E6A2304F9B8300E335C4 /* icon-48.png */; };
		5878E6AF304F9B8300E335C4 /* options.js in Resources */ = {isa = PBXBuildFile; fileRef = 5878E6A3304F9B8300E335C4 /* options.js */; };
		5878E6B0304F9B8300E335C4 /* bootstrap.js in Resources */ = {isa = PBXBuildFile; fileRef = 5878E6A4304F9B8300E335C4 /* bootstrap.js */; };
		5878E6B1304F9B8300E335C4 /* manifest.json in Resources */ = {isa = PBXBuildFile; fileRef = 5878E6A5304F9B8300E335C4 /* manifest.json */; };
		5878E6B2304F9B8300E335C4 /* options.html in Resources */ = {isa = PBXBuildFile; fileRef = 5878E6A6304F9B8300E335C4 /* options.html */; };
		5878E6B3304F9B8300E335C4 /* content.js in Resources */ = {isa = PBXBuildFile; fileRef = 5878E6A7304F9B8300E335C4 /* content.js */; };
		5878E6B4304F9B8300E335C4 /* icon-128.png in Resources */ = {isa = PBXBuildFile; fileRef = 5878E6A8304F9B8300E335C4 /* icon-128.png */; };
		5878E6B5304F9B8300E335C4 /* icon-32.png in Resources */ = {isa = PBXBuildFile; fileRef = 5878E6A9304F9B8300E335C4 /* icon-32.png */; };
		5878E6B6304F9B8300E335C4 /* options.css in Resources */ = {isa = PBXBuildFile; fileRef = 5878E6AA304F9B8300E335C4 /* options.css */; };
		5878E6B7304F9B8300E335C4 /* icon-512.png in Resources */ = {isa = PBXBuildFile; fileRef = 5878E6AB304F9B8300E335C4 /* icon-512.png */; };
/* End PBXBuildFile section */

/* Begin PBXContainerItemProxy section */
		5878E690304F9B8300E335C4 /* PBXContainerItemProxy */ = {
			isa = PBXContainerItemProxy;
			containerPortal = 5878E66B304F9B8200E335C4 /* Project object */;
			proxyType = 1;
			remoteGlobalIDString = 5878E68D304F9B8300E335C4;
			remoteInfo = "vimplug Extension";
		};
/* End PBXContainerItemProxy section */

/* Begin PBXCopyFilesBuildPhase section */
		5878E69B304F9B8300E335C4 /* Embed Foundation Extensions */ = {
			isa = PBXCopyFilesBuildPhase;
			buildActionMask = 2147483647;
			dstPath = "";
			dstSubfolderSpec = 13;
			files = (
				5878E68F304F9B8300E335C4 /* vimplug Extension.appex in Embed Foundation Extensions */,
			);
			name = "Embed Foundation Extensions";
			runOnlyForDeploymentPostprocessing = 0;
		};
/* End PBXCopyFilesBuildPhase section */

/* Begin PBXFileReference section */
		5878E673304F9B8200E335C4 /* vimplug.app */ = {isa = PBXFileReference; explicitFileType = wrapper.application; includeInIndex = 0; path = vimplug.app; sourceTree = BUILT_PRODUCTS_DIR; };
		5878E676304F9B8200E335C4 /* AppDelegate.swift */ = {isa = PBXFileReference; lastKnownFileType = sourcecode.swift; path = AppDelegate.swift; sourceTree = "<group>"; };
		5878E67A304F9B8200E335C4 /* Base */ = {isa = PBXFileReference; lastKnownFileType = text.html; name = Base; path = Base.lproj/Main.html; sourceTree = "<group>"; };
		5878E67C304F9B8200E335C4 /* Icon.png */ = {isa = PBXFileReference; lastKnownFileType = image.png; path = Icon.png; sourceTree = "<group>"; };
		5878E67E304F9B8200E335C4 /* Style.css */ = {isa = PBXFileReference; lastKnownFileType = text.css; path = Style.css; sourceTree = "<group>"; };
		5878E680304F9B8200E335C4 /* Script.js */ = {isa = PBXFileReference; lastKnownFileType = sourcecode.javascript; path = Script.js; sourceTree = "<group>"; };
		5878E682304F9B8200E335C4 /* ViewController.swift */ = {isa = PBXFileReference; lastKnownFileType = sourcecode.swift; path = ViewController.swift; sourceTree = "<group>"; };
		5878E685304F9B8200E335C4 /* Base */ = {isa = PBXFileReference; lastKnownFileType = file.storyboard; name = Base; path = Base.lproj/Main.storyboard; sourceTree = "<group>"; };
		5878E687304F9B8300E335C4 /* Assets.xcassets */ = {isa = PBXFileReference; lastKnownFileType = folder.assetcatalog; path = Assets.xcassets; sourceTree = "<group>"; };
		5878E689304F9B8300E335C4 /* Info.plist */ = {isa = PBXFileReference; lastKnownFileType = text.plist.xml; path = Info.plist; sourceTree = "<group>"; };
		5878E68E304F9B8300E335C4 /* vimplug Extension.appex */ = {isa = PBXFileReference; explicitFileType = "wrapper.app-extension"; includeInIndex = 0; path = "vimplug Extension.appex"; sourceTree = BUILT_PRODUCTS_DIR; };
		5878E693304F9B8300E335C4 /* SafariWebExtensionHandler.swift */ = {isa = PBXFileReference; lastKnownFileType = sourcecode.swift; path = SafariWebExtensionHandler.swift; sourceTree = "<group>"; };
		5878E695304F9B8300E335C4 /* Info.plist */ = {isa = PBXFileReference; lastKnownFileType = text.plist.xml; path = Info.plist; sourceTree = "<group>"; };
		5878E6A0304F9B8300E335C4 /* icon-16.png */ = {isa = PBXFileReference; lastKnownFileType = image.png; name = "icon-16.png"; path = "../../../dist/safari/icon-16.png"; sourceTree = "<group>"; };
		5878E6A1304F9B8300E335C4 /* background.js */ = {isa = PBXFileReference; lastKnownFileType = sourcecode.javascript; name = background.js; path = ../../../dist/safari/background.js; sourceTree = "<group>"; };
		5878E6A2304F9B8300E335C4 /* icon-48.png */ = {isa = PBXFileReference; lastKnownFileType = image.png; name = "icon-48.png"; path = "../../../dist/safari/icon-48.png"; sourceTree = "<group>"; };
		5878E6A3304F9B8300E335C4 /* options.js */ = {isa = PBXFileReference; lastKnownFileType = sourcecode.javascript; name = options.js; path = ../../../dist/safari/options.js; sourceTree = "<group>"; };
		5878E6A4304F9B8300E335C4 /* bootstrap.js */ = {isa = PBXFileReference; lastKnownFileType = sourcecode.javascript; name = bootstrap.js; path = ../../../dist/safari/bootstrap.js; sourceTree = "<group>"; };
		5878E6A5304F9B8300E335C4 /* manifest.json */ = {isa = PBXFileReference; lastKnownFileType = text.json; name = manifest.json; path = ../../../dist/safari/manifest.json; sourceTree = "<group>"; };
		5878E6A6304F9B8300E335C4 /* options.html */ = {isa = PBXFileReference; lastKnownFileType = text.html; name = options.html; path = ../../../dist/safari/options.html; sourceTree = "<group>"; };
		5878E6A7304F9B8300E335C4 /* content.js */ = {isa = PBXFileReference; lastKnownFileType = sourcecode.javascript; name = content.js; path = ../../../dist/safari/content.js; sourceTree = "<group>"; };
		5878E6A8304F9B8300E335C4 /* icon-128.png */ = {isa = PBXFileReference; lastKnownFileType = image.png; name = "icon-128.png"; path = "../../../dist/safari/icon-128.png"; sourceTree = "<group>"; };
		5878E6A9304F9B8300E335C4 /* icon-32.png */ = {isa = PBXFileReference; lastKnownFileType = image.png; name = "icon-32.png"; path = "../../../dist/safari/icon-32.png"; sourceTree = "<group>"; };
		5878E6AA304F9B8300E335C4 /* options.css */ = {isa = PBXFileReference; lastKnownFileType = text.css; name = options.css; path = ../../../dist/safari/options.css; sourceTree = "<group>"; };
		5878E6AB304F9B8300E335C4 /* icon-512.png */ = {isa = PBXFileReference; lastKnownFileType = image.png; name = "icon-512.png"; path = "../../../dist/safari/icon-512.png"; sourceTree = "<group>"; };
/* End PBXFileReference section */

/* Begin PBXFrameworksBuildPhase section */
		5878E670304F9B8200E335C4 /* Frameworks */ = {
			isa = PBXFrameworksBuildPhase;
			buildActionMask = 2147483647;
			files = (
			);
			runOnlyForDeploymentPostprocessing = 0;
		};
		5878E68B304F9B8300E335C4 /* Frameworks */ = {
			isa = PBXFrameworksBuildPhase;
			buildActionMask = 2147483647;
			files = (
			);
			runOnlyForDeploymentPostprocessing = 0;
		};
/* End PBXFrameworksBuildPhase section */

/* Begin PBXGroup section */
		5878E66A304F9B8200E335C4 = {
			isa = PBXGroup;
			children = (
				5878E675304F9B8200E335C4 /* vimplug */,
				5878E692304F9B8300E335C4 /* vimplug Extension */,
				5878E674304F9B8200E335C4 /* Products */,
			);
			sourceTree = "<group>";
		};
		5878E674304F9B8200E335C4 /* Products */ = {
			isa = PBXGroup;
			children = (
				5878E673304F9B8200E335C4 /* vimplug.app */,
				5878E68E304F9B8300E335C4 /* vimplug Extension.appex */,
			);
			name = Products;
			sourceTree = "<group>";
		};
		5878E675304F9B8200E335C4 /* vimplug */ = {
			isa = PBXGroup;
			children = (
				5878E676304F9B8200E335C4 /* AppDelegate.swift */,
				5878E682304F9B8200E335C4 /* ViewController.swift */,
				5878E684304F9B8200E335C4 /* Main.storyboard */,
				5878E687304F9B8300E335C4 /* Assets.xcassets */,
				5878E689304F9B8300E335C4 /* Info.plist */,
				5878E678304F9B8200E335C4 /* Resources */,
			);
			path = vimplug;
			sourceTree = "<group>";
		};
		5878E678304F9B8200E335C4 /* Resources */ = {
			isa = PBXGroup;
			children = (
				5878E679304F9B8200E335C4 /* Main.html */,
				5878E67C304F9B8200E335C4 /* Icon.png */,
				5878E67E304F9B8200E335C4 /* Style.css */,
				5878E680304F9B8200E335C4 /* Script.js */,
			);
			path = Resources;
			sourceTree = "<group>";
		};
		5878E692304F9B8300E335C4 /* vimplug Extension */ = {
			isa = PBXGroup;
			children = (
				5878E69F304F9B8300E335C4 /* Resources */,
				5878E693304F9B8300E335C4 /* SafariWebExtensionHandler.swift */,
				5878E695304F9B8300E335C4 /* Info.plist */,
			);
			path = "vimplug Extension";
			sourceTree = "<group>";
		};
		5878E69F304F9B8300E335C4 /* Resources */ = {
			isa = PBXGroup;
			children = (
				5878E6A0304F9B8300E335C4 /* icon-16.png */,
				5878E6A1304F9B8300E335C4 /* background.js */,
				5878E6A2304F9B8300E335C4 /* icon-48.png */,
				5878E6A3304F9B8300E335C4 /* options.js */,
				5878E6A4304F9B8300E335C4 /* bootstrap.js */,
				5878E6A5304F9B8300E335C4 /* manifest.json */,
				5878E6A6304F9B8300E335C4 /* options.html */,
				5878E6A7304F9B8300E335C4 /* content.js */,
				5878E6A8304F9B8300E335C4 /* icon-128.png */,
				5878E6A9304F9B8300E335C4 /* icon-32.png */,
				5878E6AA304F9B8300E335C4 /* options.css */,
				5878E6AB304F9B8300E335C4 /* icon-512.png */,
			);
			name = Resources;
			path = "vimplug Extension";
			sourceTree = SOURCE_ROOT;
		};
/* End PBXGroup section */

/* Begin PBXNativeTarget section */
		5878E672304F9B8200E335C4 /* vimplug */ = {
			isa = PBXNativeTarget;
			buildConfigurationList = 5878E69C304F9B8300E335C4 /* Build configuration list for PBXNativeTarget "vimplug" */;
			buildPhases = (
				5878E66F304F9B8200E335C4 /* Sources */,
				5878E670304F9B8200E335C4 /* Frameworks */,
				5878E671304F9B8200E335C4 /* Resources */,
				5878E69B304F9B8300E335C4 /* Embed Foundation Extensions */,
			);
			buildRules = (
			);
			dependencies = (
				5878E691304F9B8300E335C4 /* PBXTargetDependency */,
			);
			name = vimplug;
			packageProductDependencies = (
			);
			productName = vimplug;
			productReference = 5878E673304F9B8200E335C4 /* vimplug.app */;
			productType = "com.apple.product-type.application";
		};
		5878E68D304F9B8300E335C4 /* vimplug Extension */ = {
			isa = PBXNativeTarget;
			buildConfigurationList = 5878E698304F9B8300E335C4 /* Build configuration list for PBXNativeTarget "vimplug Extension" */;
			buildPhases = (
				5878E68A304F9B8300E335C4 /* Sources */,
				5878E68B304F9B8300E335C4 /* Frameworks */,
				5878E68C304F9B8300E335C4 /* Resources */,
			);
			buildRules = (
			);
			dependencies = (
			);
			name = "vimplug Extension";
			packageProductDependencies = (
			);
			productName = "vimplug Extension";
			productReference = 5878E68E304F9B8300E335C4 /* vimplug Extension.appex */;
			productType = "com.apple.product-type.app-extension";
		};
/* End PBXNativeTarget section */

/* Begin PBXProject section */
		5878E66B304F9B8200E335C4 /* Project object */ = {
			isa = PBXProject;
			attributes = {
				BuildIndependentTargetsInParallel = 1;
				LastSwiftUpdateCheck = 2630;
				LastUpgradeCheck = 2630;
				TargetAttributes = {
					5878E672304F9B8200E335C4 = {
						CreatedOnToolsVersion = 26.3;
					};
					5878E68D304F9B8300E335C4 = {
						CreatedOnToolsVersion = 26.3;
					};
				};
			};
			buildConfigurationList = 5878E66E304F9B8200E335C4 /* Build configuration list for PBXProject "vimplug" */;
			developmentRegion = en;
			hasScannedForEncodings = 0;
			knownRegions = (
				en,
				Base,
			);
			mainGroup = 5878E66A304F9B8200E335C4;
			minimizedProjectReferenceProxies = 1;
			preferredProjectObjectVersion = 77;
			productRefGroup = 5878E674304F9B8200E335C4 /* Products */;
			projectDirPath = "";
			projectRoot = "";
			targets = (
				5878E672304F9B8200E335C4 /* vimplug */,
				5878E68D304F9B8300E335C4 /* vimplug Extension */,
			);
		};
/* End PBXProject section */

/* Begin PBXResourcesBuildPhase section */
		5878E671304F9B8200E335C4 /* Resources */ = {
			isa = PBXResourcesBuildPhase;
			buildActionMask = 2147483647;
			files = (
				5878E67D304F9B8200E335C4 /* Icon.png in Resources */,
				5878E686304F9B8200E335C4 /* Main.storyboard in Resources */,
				5878E681304F9B8200E335C4 /* Script.js in Resources */,
				5878E67B304F9B8200E335C4 /* Main.html in Resources */,
				5878E688304F9B8300E335C4 /* Assets.xcassets in Resources */,
				5878E67F304F9B8200E335C4 /* Style.css in Resources */,
			);
			runOnlyForDeploymentPostprocessing = 0;
		};
		5878E68C304F9B8300E335C4 /* Resources */ = {
			isa = PBXResourcesBuildPhase;
			buildActionMask = 2147483647;
			files = (
				5878E6B3304F9B8300E335C4 /* content.js in Resources */,
				5878E6B2304F9B8300E335C4 /* options.html in Resources */,
				5878E6B4304F9B8300E335C4 /* icon-128.png in Resources */,
				5878E6B5304F9B8300E335C4 /* icon-32.png in Resources */,
				5878E6AD304F9B8300E335C4 /* background.js in Resources */,
				5878E6B7304F9B8300E335C4 /* icon-512.png in Resources */,
				5878E6AF304F9B8300E335C4 /* options.js in Resources */,
				5878E6B0304F9B8300E335C4 /* bootstrap.js in Resources */,
				5878E6AC304F9B8300E335C4 /* icon-16.png in Resources */,
				5878E6B1304F9B8300E335C4 /* manifest.json in Resources */,
				5878E6B6304F9B8300E335C4 /* options.css in Resources */,
				5878E6AE304F9B8300E335C4 /* icon-48.png in Resources */,
			);
			runOnlyForDeploymentPostprocessing = 0;
		};
/* End PBXResourcesBuildPhase section */

/* Begin PBXSourcesBuildPhase section */
		5878E66F304F9B8200E335C4 /* Sources */ = {
			isa = PBXSourcesBuildPhase;
			buildActionMask = 2147483647;
			files = (
				5878E683304F9B8200E335C4 /* ViewController.swift in Sources */,
				5878E677304F9B8200E335C4 /* AppDelegate.swift in Sources */,
			);
			runOnlyForDeploymentPostprocessing = 0;
		};
		5878E68A304F9B8300E335C4 /* Sources */ = {
			isa = PBXSourcesBuildPhase;
			buildActionMask = 2147483647;
			files = (
				5878E694304F9B8300E335C4 /* SafariWebExtensionHandler.swift in Sources */,
			);
			runOnlyForDeploymentPostprocessing = 0;
		};
/* End PBXSourcesBuildPhase section */

/* Begin PBXTargetDependency section */
		5878E691304F9B8300E335C4 /* PBXTargetDependency */ = {
			isa = PBXTargetDependency;
			target = 5878E68D304F9B8300E335C4 /* vimplug Extension */;
			targetProxy = 5878E690304F9B8300E335C4 /* PBXContainerItemProxy */;
		};
/* End PBXTargetDependency section */

/* Begin PBXVariantGroup section */
		5878E679304F9B8200E335C4 /* Main.html */ = {
			isa = PBXVariantGroup;
			children = (
				5878E67A304F9B8200E335C4 /* Base */,
			);
			name = Main.html;
			sourceTree = "<group>";
		};
		5878E684304F9B8200E335C4 /* Main.storyboard */ = {
			isa = PBXVariantGroup;
			children = (
				5878E685304F9B8200E335C4 /* Base */,
			);
			name = Main.storyboard;
			sourceTree = "<group>";
		};
/* End PBXVariantGroup section */

/* Begin XCBuildConfiguration section */
		5878E696304F9B8300E335C4 /* Debug */ = {
			isa = XCBuildConfiguration;
			buildSettings = {
				ALWAYS_SEARCH_USER_PATHS = NO;
				ASSETCATALOG_COMPILER_GENERATE_SWIFT_ASSET_SYMBOL_EXTENSIONS = YES;
				CLANG_ANALYZER_NONNULL = YES;
				CLANG_ANALYZER_NUMBER_OBJECT_CONVERSION = YES_AGGRESSIVE;
				CLANG_CXX_LANGUAGE_STANDARD = "gnu++20";
				CLANG_ENABLE_MODULES = YES;
				CLANG_ENABLE_OBJC_ARC = YES;
				CLANG_ENABLE_OBJC_WEAK = YES;
				CLANG_WARN_BLOCK_CAPTURE_AUTORELEASING = YES;
				CLANG_WARN_BOOL_CONVERSION = YES;
				CLANG_WARN_COMMA = YES;
				CLANG_WARN_CONSTANT_CONVERSION = YES;
				CLANG_WARN_DEPRECATED_OBJC_IMPLEMENTATIONS = YES;
				CLANG_WARN_DIRECT_OBJC_ISA_USAGE = YES_ERROR;
				CLANG_WARN_DOCUMENTATION_COMMENTS = YES;
				CLANG_WARN_EMPTY_BODY = YES;
				CLANG_WARN_ENUM_CONVERSION = YES;
				CLANG_WARN_INFINITE_RECURSION = YES;
				CLANG_WARN_INT_CONVERSION = YES;
				CLANG_WARN_NON_LITERAL_NULL_CONVERSION = YES;
				CLANG_WARN_OBJC_IMPLICIT_RETAIN_SELF = YES;
				CLANG_WARN_OBJC_LITERAL_CONVERSION = YES;
				CLANG_WARN_OBJC_ROOT_CLASS = YES_ERROR;
				CLANG_WARN_QUOTED_INCLUDE_IN_FRAMEWORK_HEADER = YES;
				CLANG_WARN_RANGE_LOOP_ANALYSIS = YES;
				CLANG_WARN_STRICT_PROTOTYPES = YES;
				CLANG_WARN_SUSPICIOUS_MOVE = YES;
				CLANG_WARN_UNGUARDED_AVAILABILITY = YES_AGGRESSIVE;
				CLANG_WARN_UNREACHABLE_CODE = YES;
				CLANG_WARN__DUPLICATE_METHOD_MATCH = YES;
				COPY_PHASE_STRIP = NO;
				DEBUG_INFORMATION_FORMAT = dwarf;
				ENABLE_STRICT_OBJC_MSGSEND = YES;
				ENABLE_TESTABILITY = YES;
				ENABLE_USER_SCRIPT_SANDBOXING = YES;
				GCC_C_LANGUAGE_STANDARD = gnu17;
				GCC_DYNAMIC_NO_PIC = NO;
				GCC_NO_COMMON_BLOCKS = YES;
				GCC_OPTIMIZATION_LEVEL = 0;
				GCC_PREPROCESSOR_DEFINITIONS = (
					"DEBUG=1",
					"$(inherited)",
				);
				GCC_WARN_64_TO_32_BIT_CONVERSION = YES;
				GCC_WARN_ABOUT_RETURN_TYPE = YES_ERROR;
				GCC_WARN_UNDECLARED_SELECTOR = YES;
				GCC_WARN_UNINITIALIZED_AUTOS = YES_AGGRESSIVE;
				GCC_WARN_UNUSED_FUNCTION = YES;
				GCC_WARN_UNUSED_VARIABLE = YES;
				LOCALIZATION_PREFERS_STRING_CATALOGS = YES;
				MACOSX_DEPLOYMENT_TARGET = 15.7;
				MTL_ENABLE_DEBUG_INFO = INCLUDE_SOURCE;
				MTL_FAST_MATH = YES;
				ONLY_ACTIVE_ARCH = YES;
				SDKROOT = macosx;
				SWIFT_ACTIVE_COMPILATION_CONDITIONS = "DEBUG $(inherited)";
				SWIFT_OPTIMIZATION_LEVEL = "-Onone";
			};
			name = Debug;
		};
		5878E697304F9B8300E335C4 /* Release */ = {
			isa = XCBuildConfiguration;
			buildSettings = {
				ALWAYS_SEARCH_USER_PATHS = NO;
				ASSETCATALOG_COMPILER_GENERATE_SWIFT_ASSET_SYMBOL_EXTENSIONS = YES;
				CLANG_ANALYZER_NONNULL = YES;
				CLANG_ANALYZER_NUMBER_OBJECT_CONVERSION = YES_AGGRESSIVE;
				CLANG_CXX_LANGUAGE_STANDARD = "gnu++20";
				CLANG_ENABLE_MODULES = YES;
				CLANG_ENABLE_OBJC_ARC = YES;
				CLANG_ENABLE_OBJC_WEAK = YES;
				CLANG_WARN_BLOCK_CAPTURE_AUTORELEASING = YES;
				CLANG_WARN_BOOL_CONVERSION = YES;
				CLANG_WARN_COMMA = YES;
				CLANG_WARN_CONSTANT_CONVERSION = YES;
				CLANG_WARN_DEPRECATED_OBJC_IMPLEMENTATIONS = YES;
				CLANG_WARN_DIRECT_OBJC_ISA_USAGE = YES_ERROR;
				CLANG_WARN_DOCUMENTATION_COMMENTS = YES;
				CLANG_WARN_EMPTY_BODY = YES;
				CLANG_WARN_ENUM_CONVERSION = YES;
				CLANG_WARN_INFINITE_RECURSION = YES;
				CLANG_WARN_INT_CONVERSION = YES;
				CLANG_WARN_NON_LITERAL_NULL_CONVERSION = YES;
				CLANG_WARN_OBJC_IMPLICIT_RETAIN_SELF = YES;
				CLANG_WARN_OBJC_LITERAL_CONVERSION = YES;
				CLANG_WARN_OBJC_ROOT_CLASS = YES_ERROR;
				CLANG_WARN_QUOTED_INCLUDE_IN_FRAMEWORK_HEADER = YES;
				CLANG_WARN_RANGE_LOOP_ANALYSIS = YES;
				CLANG_WARN_STRICT_PROTOTYPES = YES;
				CLANG_WARN_SUSPICIOUS_MOVE = YES;
				CLANG_WARN_UNGUARDED_AVAILABILITY = YES_AGGRESSIVE;
				CLANG_WARN_UNREACHABLE_CODE = YES;
				CLANG_WARN__DUPLICATE_METHOD_MATCH = YES;
				COPY_PHASE_STRIP = NO;
				DEBUG_INFORMATION_FORMAT = "dwarf-with-dsym";
				ENABLE_NS_ASSERTIONS = NO;
				ENABLE_STRICT_OBJC_MSGSEND = YES;
				ENABLE_USER_SCRIPT_SANDBOXING = YES;
				GCC_C_LANGUAGE_STANDARD = gnu17;
				GCC_NO_COMMON_BLOCKS = YES;
				GCC_WARN_64_TO_32_BIT_CONVERSION = YES;
				GCC_WARN_ABOUT_RETURN_TYPE = YES_ERROR;
				GCC_WARN_UNDECLARED_SELECTOR = YES;
				GCC_WARN_UNINITIALIZED_AUTOS = YES_AGGRESSIVE;
				GCC_WARN_UNUSED_FUNCTION = YES;
				GCC_WARN_UNUSED_VARIABLE = YES;
				LOCALIZATION_PREFERS_STRING_CATALOGS = YES;
				MACOSX_DEPLOYMENT_TARGET = 15.7;
				MTL_ENABLE_DEBUG_INFO = NO;
				MTL_FAST_MATH = YES;
				SDKROOT = macosx;
				SWIFT_COMPILATION_MODE = wholemodule;
			};
			name = Release;
		};
		5878E699304F9B8300E335C4 /* Debug */ = {
			isa = XCBuildConfiguration;
			buildSettings = {
				CODE_SIGN_STYLE = Automatic;
				CURRENT_PROJECT_VERSION = 1;
				ENABLE_APP_SANDBOX = YES;
				ENABLE_HARDENED_RUNTIME = YES;
				ENABLE_USER_SELECTED_FILES = readonly;
				GENERATE_INFOPLIST_FILE = YES;
				INFOPLIST_FILE = "vimplug Extension/Info.plist";
				INFOPLIST_KEY_CFBundleDisplayName = "vimplug Extension";
				INFOPLIST_KEY_NSHumanReadableCopyright = "";
				LD_RUNPATH_SEARCH_PATHS = (
					"$(inherited)",
					"@executable_path/../Frameworks",
					"@executable_path/../../../../Frameworks",
				);
				MACOSX_DEPLOYMENT_TARGET = 10.14;
				MARKETING_VERSION = 1.0;
				OTHER_LDFLAGS = (
					"-framework",
					SafariServices,
				);
				PRODUCT_BUNDLE_IDENTIFIER = space.m1ng.vimplug.Extension;
				PRODUCT_NAME = "$(TARGET_NAME)";
				SKIP_INSTALL = YES;
				STRING_CATALOG_GENERATE_SYMBOLS = YES;
				SWIFT_APPROACHABLE_CONCURRENCY = YES;
				SWIFT_EMIT_LOC_STRINGS = YES;
				SWIFT_UPCOMING_FEATURE_MEMBER_IMPORT_VISIBILITY = YES;
				SWIFT_VERSION = 5.0;
			};
			name = Debug;
		};
		5878E69A304F9B8300E335C4 /* Release */ = {
			isa = XCBuildConfiguration;
			buildSettings = {
				CODE_SIGN_STYLE = Automatic;
				CURRENT_PROJECT_VERSION = 1;
				ENABLE_APP_SANDBOX = YES;
				ENABLE_HARDENED_RUNTIME = YES;
				ENABLE_USER_SELECTED_FILES = readonly;
				GENERATE_INFOPLIST_FILE = YES;
				INFOPLIST_FILE = "vimplug Extension/Info.plist";
				INFOPLIST_KEY_CFBundleDisplayName = "vimplug Extension";
				INFOPLIST_KEY_NSHumanReadableCopyright = "";
				LD_RUNPATH_SEARCH_PATHS = (
					"$(inherited)",
					"@executable_path/../Frameworks",
					"@executable_path/../../../../Frameworks",
				);
				MACOSX_DEPLOYMENT_TARGET = 10.14;
				MARKETING_VERSION = 1.0;
				OTHER_LDFLAGS = (
					"-framework",
					SafariServices,
				);
				PRODUCT_BUNDLE_IDENTIFIER = space.m1ng.vimplug.Extension;
				PRODUCT_NAME = "$(TARGET_NAME)";
				SKIP_INSTALL = YES;
				STRING_CATALOG_GENERATE_SYMBOLS = YES;
				SWIFT_APPROACHABLE_CONCURRENCY = YES;
				SWIFT_EMIT_LOC_STRINGS = YES;
				SWIFT_UPCOMING_FEATURE_MEMBER_IMPORT_VISIBILITY = YES;
				SWIFT_VERSION = 5.0;
			};
			name = Release;
		};
		5878E69D304F9B8300E335C4 /* Debug */ = {
			isa = XCBuildConfiguration;
			buildSettings = {
				ASSETCATALOG_COMPILER_APPICON_NAME = AppIcon;
				ASSETCATALOG_COMPILER_GLOBAL_ACCENT_COLOR_NAME = AccentColor;
				CODE_SIGN_STYLE = Automatic;
				COMBINE_HIDPI_IMAGES = YES;
				CURRENT_PROJECT_VERSION = 1;
				ENABLE_APP_SANDBOX = YES;
				ENABLE_HARDENED_RUNTIME = YES;
				ENABLE_OUTGOING_NETWORK_CONNECTIONS = YES;
				ENABLE_USER_SELECTED_FILES = readonly;
				GENERATE_INFOPLIST_FILE = YES;
				INFOPLIST_FILE = vimplug/Info.plist;
				INFOPLIST_KEY_CFBundleDisplayName = vimplug;
				INFOPLIST_KEY_NSHumanReadableCopyright = "";
				INFOPLIST_KEY_NSMainStoryboardFile = Main;
				INFOPLIST_KEY_NSPrincipalClass = NSApplication;
				LD_RUNPATH_SEARCH_PATHS = (
					"$(inherited)",
					"@executable_path/../Frameworks",
				);
				MARKETING_VERSION = 1.0;
				OTHER_LDFLAGS = (
					"-framework",
					SafariServices,
					"-framework",
					WebKit,
				);
				PRODUCT_BUNDLE_IDENTIFIER = space.m1ng.vimplug;
				PRODUCT_NAME = "$(TARGET_NAME)";
				REGISTER_APP_GROUPS = YES;
				STRING_CATALOG_GENERATE_SYMBOLS = YES;
				SWIFT_APPROACHABLE_CONCURRENCY = YES;
				SWIFT_DEFAULT_ACTOR_ISOLATION = MainActor;
				SWIFT_EMIT_LOC_STRINGS = YES;
				SWIFT_UPCOMING_FEATURE_MEMBER_IMPORT_VISIBILITY = YES;
				SWIFT_VERSION = 5.0;
			};
			name = Debug;
		};
		5878E69E304F9B8300E335C4 /* Release */ = {
			isa = XCBuildConfiguration;
			buildSettings = {
				ASSETCATALOG_COMPILER_APPICON_NAME = AppIcon;
				ASSETCATALOG_COMPILER_GLOBAL_ACCENT_COLOR_NAME = AccentColor;
				CODE_SIGN_STYLE = Automatic;
				COMBINE_HIDPI_IMAGES = YES;
				CURRENT_PROJECT_VERSION = 1;
				ENABLE_APP_SANDBOX = YES;
				ENABLE_HARDENED_RUNTIME = YES;
				ENABLE_OUTGOING_NETWORK_CONNECTIONS = YES;
				ENABLE_USER_SELECTED_FILES = readonly;
				GENERATE_INFOPLIST_FILE = YES;
				INFOPLIST_FILE = vimplug/Info.plist;
				INFOPLIST_KEY_CFBundleDisplayName = vimplug;
				INFOPLIST_KEY_NSHumanReadableCopyright = "";
				INFOPLIST_KEY_NSMainStoryboardFile = Main;
				INFOPLIST_KEY_NSPrincipalClass = NSApplication;
				LD_RUNPATH_SEARCH_PATHS = (
					"$(inherited)",
					"@executable_path/../Frameworks",
				);
				MARKETING_VERSION = 1.0;
				OTHER_LDFLAGS = (
					"-framework",
					SafariServices,
					"-framework",
					WebKit,
				);
				PRODUCT_BUNDLE_IDENTIFIER = space.m1ng.vimplug;
				PRODUCT_NAME = "$(TARGET_NAME)";
				REGISTER_APP_GROUPS = YES;
				STRING_CATALOG_GENERATE_SYMBOLS = YES;
				SWIFT_APPROACHABLE_CONCURRENCY = YES;
				SWIFT_DEFAULT_ACTOR_ISOLATION = MainActor;
				SWIFT_EMIT_LOC_STRINGS = YES;
				SWIFT_UPCOMING_FEATURE_MEMBER_IMPORT_VISIBILITY = YES;
				SWIFT_VERSION = 5.0;
			};
			name = Release;
		};
/* End XCBuildConfiguration section */

/* Begin XCConfigurationList section */
		5878E66E304F9B8200E335C4 /* Build configuration list for PBXProject "vimplug" */ = {
			isa = XCConfigurationList;
			buildConfigurations = (
				5878E696304F9B8300E335C4 /* Debug */,
				5878E697304F9B8300E335C4 /* Release */,
			);
			defaultConfigurationIsVisible = 0;
			defaultConfigurationName = Release;
		};
		5878E698304F9B8300E335C4 /* Build configuration list for PBXNativeTarget "vimplug Extension" */ = {
			isa = XCConfigurationList;
			buildConfigurations = (
				5878E699304F9B8300E335C4 /* Debug */,
				5878E69A304F9B8300E335C4 /* Release */,
			);
			defaultConfigurationIsVisible = 0;
			defaultConfigurationName = Release;
		};
		5878E69C304F9B8300E335C4 /* Build configuration list for PBXNativeTarget "vimplug" */ = {
			isa = XCConfigurationList;
			buildConfigurations = (
				5878E69D304F9B8300E335C4 /* Debug */,
				5878E69E304F9B8300E335C4 /* Release */,
			);
			defaultConfigurationIsVisible = 0;
			defaultConfigurationName = Release;
		};
/* End XCConfigurationList section */
	};
	rootObject = 5878E66B304F9B8200E335C4 /* Project object */;
}
