// !$*UTF8*$!
{
	archiveVersion = 1;
	classes = {
	};
	objectVersion = 77;
	objects = {

/* Begin PBXBuildFile section */
		5818834E304FE087005F2872 /* AppDelegate.swift in Sources */ = {isa = PBXBuildFile; fileRef = 5818834D304FE087005F2872 /* AppDelegate.swift */; };
		58188352304FE087005F2872 /* Main.html in Resources */ = {isa = PBXBuildFile; fileRef = 58188350304FE087005F2872 /* Main.html */; };
		58188354304FE087005F2872 /* Icon.png in Resources */ = {isa = PBXBuildFile; fileRef = 58188353304FE087005F2872 /* Icon.png */; };
		58188356304FE087005F2872 /* Style.css in Resources */ = {isa = PBXBuildFile; fileRef = 58188355304FE087005F2872 /* Style.css */; };
		58188358304FE087005F2872 /* Script.js in Resources */ = {isa = PBXBuildFile; fileRef = 58188357304FE087005F2872 /* Script.js */; };
		5818835A304FE087005F2872 /* ViewController.swift in Sources */ = {isa = PBXBuildFile; fileRef = 58188359304FE087005F2872 /* ViewController.swift */; };
		5818835D304FE087005F2872 /* Main.storyboard in Resources */ = {isa = PBXBuildFile; fileRef = 5818835B304FE087005F2872 /* Main.storyboard */; };
		5818835F304FE088005F2872 /* Assets.xcassets in Resources */ = {isa = PBXBuildFile; fileRef = 5818835E304FE088005F2872 /* Assets.xcassets */; };
		58188366304FE088005F2872 /* vimplug Extension.appex in Embed Foundation Extensions */ = {isa = PBXBuildFile; fileRef = 58188365304FE088005F2872 /* vimplug Extension.appex */; settings = {ATTRIBUTES = (RemoveHeadersOnCopy, ); }; };
		5818836B304FE088005F2872 /* SafariWebExtensionHandler.swift in Sources */ = {isa = PBXBuildFile; fileRef = 5818836A304FE088005F2872 /* SafariWebExtensionHandler.swift */; };
		58188383304FE089005F2872 /* icon-16.png in Resources */ = {isa = PBXBuildFile; fileRef = 58188377304FE089005F2872 /* icon-16.png */; };
		58188384304FE089005F2872 /* background.js in Resources */ = {isa = PBXBuildFile; fileRef = 58188378304FE089005F2872 /* background.js */; };
		58188385304FE089005F2872 /* icon-48.png in Resources */ = {isa = PBXBuildFile; fileRef = 58188379304FE089005F2872 /* icon-48.png */; };
		58188386304FE089005F2872 /* options.js in Resources */ = {isa = PBXBuildFile; fileRef = 5818837A304FE089005F2872 /* options.js */; };
		58188387304FE089005F2872 /* bootstrap.js in Resources */ = {isa = PBXBuildFile; fileRef = 5818837B304FE089005F2872 /* bootstrap.js */; };
		58188388304FE089005F2872 /* manifest.json in Resources */ = {isa = PBXBuildFile; fileRef = 5818837C304FE089005F2872 /* manifest.json */; };
		58188389304FE089005F2872 /* options.html in Resources */ = {isa = PBXBuildFile; fileRef = 5818837D304FE089005F2872 /* options.html */; };
		5818838A304FE089005F2872 /* content.js in Resources */ = {isa = PBXBuildFile; fileRef = 5818837E304FE089005F2872 /* content.js */; };
		5818838B304FE089005F2872 /* icon-128.png in Resources */ = {isa = PBXBuildFile; fileRef = 5818837F304FE089005F2872 /* icon-128.png */; };
		5818838C304FE089005F2872 /* icon-32.png in Resources */ = {isa = PBXBuildFile; fileRef = 58188380304FE089005F2872 /* icon-32.png */; };
		5818838D304FE089005F2872 /* options.css in Resources */ = {isa = PBXBuildFile; fileRef = 58188381304FE089005F2872 /* options.css */; };
		5818838E304FE089005F2872 /* icon-512.png in Resources */ = {isa = PBXBuildFile; fileRef = 58188382304FE089005F2872 /* icon-512.png */; };
/* End PBXBuildFile section */

/* Begin PBXContainerItemProxy section */
		58188367304FE088005F2872 /* PBXContainerItemProxy */ = {
			isa = PBXContainerItemProxy;
			containerPortal = 58188342304FE087005F2872 /* Project object */;
			proxyType = 1;
			remoteGlobalIDString = 58188364304FE088005F2872;
			remoteInfo = "vimplug Extension";
		};
/* End PBXContainerItemProxy section */

/* Begin PBXCopyFilesBuildPhase section */
		58188372304FE088005F2872 /* Embed Foundation Extensions */ = {
			isa = PBXCopyFilesBuildPhase;
			buildActionMask = 2147483647;
			dstPath = "";
			dstSubfolderSpec = 13;
			files = (
				58188366304FE088005F2872 /* vimplug Extension.appex in Embed Foundation Extensions */,
			);
			name = "Embed Foundation Extensions";
			runOnlyForDeploymentPostprocessing = 0;
		};
/* End PBXCopyFilesBuildPhase section */

/* Begin PBXFileReference section */
		5818834A304FE087005F2872 /* vimplug.app */ = {isa = PBXFileReference; explicitFileType = wrapper.application; includeInIndex = 0; path = vimplug.app; sourceTree = BUILT_PRODUCTS_DIR; };
		5818834D304FE087005F2872 /* AppDelegate.swift */ = {isa = PBXFileReference; lastKnownFileType = sourcecode.swift; path = AppDelegate.swift; sourceTree = "<group>"; };
		58188351304FE087005F2872 /* Base */ = {isa = PBXFileReference; lastKnownFileType = text.html; name = Base; path = Base.lproj/Main.html; sourceTree = "<group>"; };
		58188353304FE087005F2872 /* Icon.png */ = {isa = PBXFileReference; lastKnownFileType = image.png; path = Icon.png; sourceTree = "<group>"; };
		58188355304FE087005F2872 /* Style.css */ = {isa = PBXFileReference; lastKnownFileType = text.css; path = Style.css; sourceTree = "<group>"; };
		58188357304FE087005F2872 /* Script.js */ = {isa = PBXFileReference; lastKnownFileType = sourcecode.javascript; path = Script.js; sourceTree = "<group>"; };
		58188359304FE087005F2872 /* ViewController.swift */ = {isa = PBXFileReference; lastKnownFileType = sourcecode.swift; path = ViewController.swift; sourceTree = "<group>"; };
		5818835C304FE087005F2872 /* Base */ = {isa = PBXFileReference; lastKnownFileType = file.storyboard; name = Base; path = Base.lproj/Main.storyboard; sourceTree = "<group>"; };
		5818835E304FE088005F2872 /* Assets.xcassets */ = {isa = PBXFileReference; lastKnownFileType = folder.assetcatalog; path = Assets.xcassets; sourceTree = "<group>"; };
		58188360304FE088005F2872 /* Info.plist */ = {isa = PBXFileReference; lastKnownFileType = text.plist.xml; path = Info.plist; sourceTree = "<group>"; };
		58188365304FE088005F2872 /* vimplug Extension.appex */ = {isa = PBXFileReference; explicitFileType = "wrapper.app-extension"; includeInIndex = 0; path = "vimplug Extension.appex"; sourceTree = BUILT_PRODUCTS_DIR; };
		5818836A304FE088005F2872 /* SafariWebExtensionHandler.swift */ = {isa = PBXFileReference; lastKnownFileType = sourcecode.swift; path = SafariWebExtensionHandler.swift; sourceTree = "<group>"; };
		5818836C304FE088005F2872 /* Info.plist */ = {isa = PBXFileReference; lastKnownFileType = text.plist.xml; path = Info.plist; sourceTree = "<group>"; };
		58188377304FE089005F2872 /* icon-16.png */ = {isa = PBXFileReference; lastKnownFileType = image.png; name = "icon-16.png"; path = "../../../dist/safari/icon-16.png"; sourceTree = "<group>"; };
		58188378304FE089005F2872 /* background.js */ = {isa = PBXFileReference; lastKnownFileType = sourcecode.javascript; name = background.js; path = ../../../dist/safari/background.js; sourceTree = "<group>"; };
		58188379304FE089005F2872 /* icon-48.png */ = {isa = PBXFileReference; lastKnownFileType = image.png; name = "icon-48.png"; path = "../../../dist/safari/icon-48.png"; sourceTree = "<group>"; };
		5818837A304FE089005F2872 /* options.js */ = {isa = PBXFileReference; lastKnownFileType = sourcecode.javascript; name = options.js; path = ../../../dist/safari/options.js; sourceTree = "<group>"; };
		5818837B304FE089005F2872 /* bootstrap.js */ = {isa = PBXFileReference; lastKnownFileType = sourcecode.javascript; name = bootstrap.js; path = ../../../dist/safari/bootstrap.js; sourceTree = "<group>"; };
		5818837C304FE089005F2872 /* manifest.json */ = {isa = PBXFileReference; lastKnownFileType = text.json; name = manifest.json; path = ../../../dist/safari/manifest.json; sourceTree = "<group>"; };
		5818837D304FE089005F2872 /* options.html */ = {isa = PBXFileReference; lastKnownFileType = text.html; name = options.html; path = ../../../dist/safari/options.html; sourceTree = "<group>"; };
		5818837E304FE089005F2872 /* content.js */ = {isa = PBXFileReference; lastKnownFileType = sourcecode.javascript; name = content.js; path = ../../../dist/safari/content.js; sourceTree = "<group>"; };
		5818837F304FE089005F2872 /* icon-128.png */ = {isa = PBXFileReference; lastKnownFileType = image.png; name = "icon-128.png"; path = "../../../dist/safari/icon-128.png"; sourceTree = "<group>"; };
		58188380304FE089005F2872 /* icon-32.png */ = {isa = PBXFileReference; lastKnownFileType = image.png; name = "icon-32.png"; path = "../../../dist/safari/icon-32.png"; sourceTree = "<group>"; };
		58188381304FE089005F2872 /* options.css */ = {isa = PBXFileReference; lastKnownFileType = text.css; name = options.css; path = ../../../dist/safari/options.css; sourceTree = "<group>"; };
		58188382304FE089005F2872 /* icon-512.png */ = {isa = PBXFileReference; lastKnownFileType = image.png; name = "icon-512.png"; path = "../../../dist/safari/icon-512.png"; sourceTree = "<group>"; };
/* End PBXFileReference section */

/* Begin PBXFrameworksBuildPhase section */
		58188347304FE087005F2872 /* Frameworks */ = {
			isa = PBXFrameworksBuildPhase;
			buildActionMask = 2147483647;
			files = (
			);
			runOnlyForDeploymentPostprocessing = 0;
		};
		58188362304FE088005F2872 /* Frameworks */ = {
			isa = PBXFrameworksBuildPhase;
			buildActionMask = 2147483647;
			files = (
			);
			runOnlyForDeploymentPostprocessing = 0;
		};
/* End PBXFrameworksBuildPhase section */

/* Begin PBXGroup section */
		58188341304FE087005F2872 = {
			isa = PBXGroup;
			children = (
				5818834C304FE087005F2872 /* vimplug */,
				58188369304FE088005F2872 /* vimplug Extension */,
				5818834B304FE087005F2872 /* Products */,
			);
			sourceTree = "<group>";
		};
		5818834B304FE087005F2872 /* Products */ = {
			isa = PBXGroup;
			children = (
				5818834A304FE087005F2872 /* vimplug.app */,
				58188365304FE088005F2872 /* vimplug Extension.appex */,
			);
			name = Products;
			sourceTree = "<group>";
		};
		5818834C304FE087005F2872 /* vimplug */ = {
			isa = PBXGroup;
			children = (
				5818834D304FE087005F2872 /* AppDelegate.swift */,
				58188359304FE087005F2872 /* ViewController.swift */,
				5818835B304FE087005F2872 /* Main.storyboard */,
				5818835E304FE088005F2872 /* Assets.xcassets */,
				58188360304FE088005F2872 /* Info.plist */,
				5818834F304FE087005F2872 /* Resources */,
			);
			path = vimplug;
			sourceTree = "<group>";
		};
		5818834F304FE087005F2872 /* Resources */ = {
			isa = PBXGroup;
			children = (
				58188350304FE087005F2872 /* Main.html */,
				58188353304FE087005F2872 /* Icon.png */,
				58188355304FE087005F2872 /* Style.css */,
				58188357304FE087005F2872 /* Script.js */,
			);
			path = Resources;
			sourceTree = "<group>";
		};
		58188369304FE088005F2872 /* vimplug Extension */ = {
			isa = PBXGroup;
			children = (
				58188376304FE089005F2872 /* Resources */,
				5818836A304FE088005F2872 /* SafariWebExtensionHandler.swift */,
				5818836C304FE088005F2872 /* Info.plist */,
			);
			path = "vimplug Extension";
			sourceTree = "<group>";
		};
		58188376304FE089005F2872 /* Resources */ = {
			isa = PBXGroup;
			children = (
				58188377304FE089005F2872 /* icon-16.png */,
				58188378304FE089005F2872 /* background.js */,
				58188379304FE089005F2872 /* icon-48.png */,
				5818837A304FE089005F2872 /* options.js */,
				5818837B304FE089005F2872 /* bootstrap.js */,
				5818837C304FE089005F2872 /* manifest.json */,
				5818837D304FE089005F2872 /* options.html */,
				5818837E304FE089005F2872 /* content.js */,
				5818837F304FE089005F2872 /* icon-128.png */,
				58188380304FE089005F2872 /* icon-32.png */,
				58188381304FE089005F2872 /* options.css */,
				58188382304FE089005F2872 /* icon-512.png */,
			);
			name = Resources;
			path = "vimplug Extension";
			sourceTree = SOURCE_ROOT;
		};
/* End PBXGroup section */

/* Begin PBXNativeTarget section */
		58188349304FE087005F2872 /* vimplug */ = {
			isa = PBXNativeTarget;
			buildConfigurationList = 58188373304FE088005F2872 /* Build configuration list for PBXNativeTarget "vimplug" */;
			buildPhases = (
				58188346304FE087005F2872 /* Sources */,
				58188347304FE087005F2872 /* Frameworks */,
				58188348304FE087005F2872 /* Resources */,
				58188372304FE088005F2872 /* Embed Foundation Extensions */,
			);
			buildRules = (
			);
			dependencies = (
				58188368304FE088005F2872 /* PBXTargetDependency */,
			);
			name = vimplug;
			packageProductDependencies = (
			);
			productName = vimplug;
			productReference = 5818834A304FE087005F2872 /* vimplug.app */;
			productType = "com.apple.product-type.application";
		};
		58188364304FE088005F2872 /* vimplug Extension */ = {
			isa = PBXNativeTarget;
			buildConfigurationList = 5818836F304FE088005F2872 /* Build configuration list for PBXNativeTarget "vimplug Extension" */;
			buildPhases = (
				58188361304FE088005F2872 /* Sources */,
				58188362304FE088005F2872 /* Frameworks */,
				58188363304FE088005F2872 /* Resources */,
			);
			buildRules = (
			);
			dependencies = (
			);
			name = "vimplug Extension";
			packageProductDependencies = (
			);
			productName = "vimplug Extension";
			productReference = 58188365304FE088005F2872 /* vimplug Extension.appex */;
			productType = "com.apple.product-type.app-extension";
		};
/* End PBXNativeTarget section */

/* Begin PBXProject section */
		58188342304FE087005F2872 /* Project object */ = {
			isa = PBXProject;
			attributes = {
				BuildIndependentTargetsInParallel = 1;
				LastSwiftUpdateCheck = 2630;
				LastUpgradeCheck = 2630;
				TargetAttributes = {
					58188349304FE087005F2872 = {
						CreatedOnToolsVersion = 26.3;
					};
					58188364304FE088005F2872 = {
						CreatedOnToolsVersion = 26.3;
					};
				};
			};
			buildConfigurationList = 58188345304FE087005F2872 /* Build configuration list for PBXProject "vimplug" */;
			developmentRegion = en;
			hasScannedForEncodings = 0;
			knownRegions = (
				en,
				Base,
			);
			mainGroup = 58188341304FE087005F2872;
			minimizedProjectReferenceProxies = 1;
			preferredProjectObjectVersion = 77;
			productRefGroup = 5818834B304FE087005F2872 /* Products */;
			projectDirPath = "";
			projectRoot = "";
			targets = (
				58188349304FE087005F2872 /* vimplug */,
				58188364304FE088005F2872 /* vimplug Extension */,
			);
		};
/* End PBXProject section */

/* Begin PBXResourcesBuildPhase section */
		58188348304FE087005F2872 /* Resources */ = {
			isa = PBXResourcesBuildPhase;
			buildActionMask = 2147483647;
			files = (
				58188354304FE087005F2872 /* Icon.png in Resources */,
				5818835D304FE087005F2872 /* Main.storyboard in Resources */,
				58188358304FE087005F2872 /* Script.js in Resources */,
				58188352304FE087005F2872 /* Main.html in Resources */,
				5818835F304FE088005F2872 /* Assets.xcassets in Resources */,
				58188356304FE087005F2872 /* Style.css in Resources */,
			);
			runOnlyForDeploymentPostprocessing = 0;
		};
		58188363304FE088005F2872 /* Resources */ = {
			isa = PBXResourcesBuildPhase;
			buildActionMask = 2147483647;
			files = (
				5818838A304FE089005F2872 /* content.js in Resources */,
				58188389304FE089005F2872 /* options.html in Resources */,
				5818838B304FE089005F2872 /* icon-128.png in Resources */,
				5818838C304FE089005F2872 /* icon-32.png in Resources */,
				58188384304FE089005F2872 /* background.js in Resources */,
				5818838E304FE089005F2872 /* icon-512.png in Resources */,
				58188386304FE089005F2872 /* options.js in Resources */,
				58188387304FE089005F2872 /* bootstrap.js in Resources */,
				58188383304FE089005F2872 /* icon-16.png in Resources */,
				58188388304FE089005F2872 /* manifest.json in Resources */,
				5818838D304FE089005F2872 /* options.css in Resources */,
				58188385304FE089005F2872 /* icon-48.png in Resources */,
			);
			runOnlyForDeploymentPostprocessing = 0;
		};
/* End PBXResourcesBuildPhase section */

/* Begin PBXSourcesBuildPhase section */
		58188346304FE087005F2872 /* Sources */ = {
			isa = PBXSourcesBuildPhase;
			buildActionMask = 2147483647;
			files = (
				5818835A304FE087005F2872 /* ViewController.swift in Sources */,
				5818834E304FE087005F2872 /* AppDelegate.swift in Sources */,
			);
			runOnlyForDeploymentPostprocessing = 0;
		};
		58188361304FE088005F2872 /* Sources */ = {
			isa = PBXSourcesBuildPhase;
			buildActionMask = 2147483647;
			files = (
				5818836B304FE088005F2872 /* SafariWebExtensionHandler.swift in Sources */,
			);
			runOnlyForDeploymentPostprocessing = 0;
		};
/* End PBXSourcesBuildPhase section */

/* Begin PBXTargetDependency section */
		58188368304FE088005F2872 /* PBXTargetDependency */ = {
			isa = PBXTargetDependency;
			target = 58188364304FE088005F2872 /* vimplug Extension */;
			targetProxy = 58188367304FE088005F2872 /* PBXContainerItemProxy */;
		};
/* End PBXTargetDependency section */

/* Begin PBXVariantGroup section */
		58188350304FE087005F2872 /* Main.html */ = {
			isa = PBXVariantGroup;
			children = (
				58188351304FE087005F2872 /* Base */,
			);
			name = Main.html;
			sourceTree = "<group>";
		};
		5818835B304FE087005F2872 /* Main.storyboard */ = {
			isa = PBXVariantGroup;
			children = (
				5818835C304FE087005F2872 /* Base */,
			);
			name = Main.storyboard;
			sourceTree = "<group>";
		};
/* End PBXVariantGroup section */

/* Begin XCBuildConfiguration section */
		5818836D304FE088005F2872 /* Debug */ = {
			isa = XCBuildConfiguration;
			buildSettings = {
				ALWAYS_SEARCH_USER_PATHS = NO;
				ASSETCATALOG_COMPILER_GENERATE_SWIFT_ASSET_SYMBOL_EXTENSIONS = YES;
				CLANG_ANALYZER_NONNULL = YES;
				CLANG_ANALYZER_NUMBER_OBJECT_CONVERSION = YES_AGGRESSIVE;
				CLANG_CXX_LANGUAGE_STANDARD = "gnu++20";
				CLANG_ENABLE_MODULES = YES;
				CLANG_ENABLE_OBJC_ARC = YES;
				CLANG_ENABLE_OBJC_WEAK = YES;
				CLANG_WARN_BLOCK_CAPTURE_AUTORELEASING = YES;
				CLANG_WARN_BOOL_CONVERSION = YES;
				CLANG_WARN_COMMA = YES;
				CLANG_WARN_CONSTANT_CONVERSION = YES;
				CLANG_WARN_DEPRECATED_OBJC_IMPLEMENTATIONS = YES;
				CLANG_WARN_DIRECT_OBJC_ISA_USAGE = YES_ERROR;
				CLANG_WARN_DOCUMENTATION_COMMENTS = YES;
				CLANG_WARN_EMPTY_BODY = YES;
				CLANG_WARN_ENUM_CONVERSION = YES;
				CLANG_WARN_INFINITE_RECURSION = YES;
				CLANG_WARN_INT_CONVERSION = YES;
				CLANG_WARN_NON_LITERAL_NULL_CONVERSION = YES;
				CLANG_WARN_OBJC_IMPLICIT_RETAIN_SELF = YES;
				CLANG_WARN_OBJC_LITERAL_CONVERSION = YES;
				CLANG_WARN_OBJC_ROOT_CLASS = YES_ERROR;
				CLANG_WARN_QUOTED_INCLUDE_IN_FRAMEWORK_HEADER = YES;
				CLANG_WARN_RANGE_LOOP_ANALYSIS = YES;
				CLANG_WARN_STRICT_PROTOTYPES = YES;
				CLANG_WARN_SUSPICIOUS_MOVE = YES;
				CLANG_WARN_UNGUARDED_AVAILABILITY = YES_AGGRESSIVE;
				CLANG_WARN_UNREACHABLE_CODE = YES;
				CLANG_WARN__DUPLICATE_METHOD_MATCH = YES;
				COPY_PHASE_STRIP = NO;
				DEBUG_INFORMATION_FORMAT = dwarf;
				ENABLE_STRICT_OBJC_MSGSEND = YES;
				ENABLE_TESTABILITY = YES;
				ENABLE_USER_SCRIPT_SANDBOXING = YES;
				GCC_C_LANGUAGE_STANDARD = gnu17;
				GCC_DYNAMIC_NO_PIC = NO;
				GCC_NO_COMMON_BLOCKS = YES;
				GCC_OPTIMIZATION_LEVEL = 0;
				GCC_PREPROCESSOR_DEFINITIONS = (
					"DEBUG=1",
					"$(inherited)",
				);
				GCC_WARN_64_TO_32_BIT_CONVERSION = YES;
				GCC_WARN_ABOUT_RETURN_TYPE = YES_ERROR;
				GCC_WARN_UNDECLARED_SELECTOR = YES;
				GCC_WARN_UNINITIALIZED_AUTOS = YES_AGGRESSIVE;
				GCC_WARN_UNUSED_FUNCTION = YES;
				GCC_WARN_UNUSED_VARIABLE = YES;
				LOCALIZATION_PREFERS_STRING_CATALOGS = YES;
				MACOSX_DEPLOYMENT_TARGET = 13.3;
				MTL_ENABLE_DEBUG_INFO = INCLUDE_SOURCE;
				MTL_FAST_MATH = YES;
				ONLY_ACTIVE_ARCH = YES;
				SDKROOT = macosx;
				SWIFT_ACTIVE_COMPILATION_CONDITIONS = "DEBUG $(inherited)";
				SWIFT_OPTIMIZATION_LEVEL = "-Onone";
			};
			name = Debug;
		};
		5818836E304FE088005F2872 /* Release */ = {
			isa = XCBuildConfiguration;
			buildSettings = {
				ALWAYS_SEARCH_USER_PATHS = NO;
				ASSETCATALOG_COMPILER_GENERATE_SWIFT_ASSET_SYMBOL_EXTENSIONS = YES;
				CLANG_ANALYZER_NONNULL = YES;
				CLANG_ANALYZER_NUMBER_OBJECT_CONVERSION = YES_AGGRESSIVE;
				CLANG_CXX_LANGUAGE_STANDARD = "gnu++20";
				CLANG_ENABLE_MODULES = YES;
				CLANG_ENABLE_OBJC_ARC = YES;
				CLANG_ENABLE_OBJC_WEAK = YES;
				CLANG_WARN_BLOCK_CAPTURE_AUTORELEASING = YES;
				CLANG_WARN_BOOL_CONVERSION = YES;
				CLANG_WARN_COMMA = YES;
				CLANG_WARN_CONSTANT_CONVERSION = YES;
				CLANG_WARN_DEPRECATED_OBJC_IMPLEMENTATIONS = YES;
				CLANG_WARN_DIRECT_OBJC_ISA_USAGE = YES_ERROR;
				CLANG_WARN_DOCUMENTATION_COMMENTS = YES;
				CLANG_WARN_EMPTY_BODY = YES;
				CLANG_WARN_ENUM_CONVERSION = YES;
				CLANG_WARN_INFINITE_RECURSION = YES;
				CLANG_WARN_INT_CONVERSION = YES;
				CLANG_WARN_NON_LITERAL_NULL_CONVERSION = YES;
				CLANG_WARN_OBJC_IMPLICIT_RETAIN_SELF = YES;
				CLANG_WARN_OBJC_LITERAL_CONVERSION = YES;
				CLANG_WARN_OBJC_ROOT_CLASS = YES_ERROR;
				CLANG_WARN_QUOTED_INCLUDE_IN_FRAMEWORK_HEADER = YES;
				CLANG_WARN_RANGE_LOOP_ANALYSIS = YES;
				CLANG_WARN_STRICT_PROTOTYPES = YES;
				CLANG_WARN_SUSPICIOUS_MOVE = YES;
				CLANG_WARN_UNGUARDED_AVAILABILITY = YES_AGGRESSIVE;
				CLANG_WARN_UNREACHABLE_CODE = YES;
				CLANG_WARN__DUPLICATE_METHOD_MATCH = YES;
				COPY_PHASE_STRIP = NO;
				DEBUG_INFORMATION_FORMAT = "dwarf-with-dsym";
				ENABLE_NS_ASSERTIONS = NO;
				ENABLE_STRICT_OBJC_MSGSEND = YES;
				ENABLE_USER_SCRIPT_SANDBOXING = YES;
				GCC_C_LANGUAGE_STANDARD = gnu17;
				GCC_NO_COMMON_BLOCKS = YES;
				GCC_WARN_64_TO_32_BIT_CONVERSION = YES;
				GCC_WARN_ABOUT_RETURN_TYPE = YES_ERROR;
				GCC_WARN_UNDECLARED_SELECTOR = YES;
				GCC_WARN_UNINITIALIZED_AUTOS = YES_AGGRESSIVE;
				GCC_WARN_UNUSED_FUNCTION = YES;
				GCC_WARN_UNUSED_VARIABLE = YES;
				LOCALIZATION_PREFERS_STRING_CATALOGS = YES;
				MACOSX_DEPLOYMENT_TARGET = 13.3;
				MTL_ENABLE_DEBUG_INFO = NO;
				MTL_FAST_MATH = YES;
				SDKROOT = macosx;
				SWIFT_COMPILATION_MODE = wholemodule;
			};
			name = Release;
		};
		58188370304FE088005F2872 /* Debug */ = {
			isa = XCBuildConfiguration;
			buildSettings = {
				CODE_SIGN_STYLE = Automatic;
				CURRENT_PROJECT_VERSION = 1;
				ENABLE_APP_SANDBOX = YES;
				ENABLE_HARDENED_RUNTIME = YES;
				ENABLE_USER_SELECTED_FILES = readonly;
				GENERATE_INFOPLIST_FILE = YES;
				INFOPLIST_FILE = "vimplug Extension/Info.plist";
				INFOPLIST_KEY_CFBundleDisplayName = "vimplug Extension";
				INFOPLIST_KEY_NSHumanReadableCopyright = "";
				LD_RUNPATH_SEARCH_PATHS = (
					"$(inherited)",
					"@executable_path/../Frameworks",
					"@executable_path/../../../../Frameworks",
				);
				MARKETING_VERSION = 1.0;
				OTHER_LDFLAGS = (
					"-framework",
					SafariServices,
				);
				PRODUCT_BUNDLE_IDENTIFIER = space.m1ng.vimplug.Extension;
				PRODUCT_NAME = "$(TARGET_NAME)";
				SKIP_INSTALL = YES;
				STRING_CATALOG_GENERATE_SYMBOLS = YES;
				SWIFT_APPROACHABLE_CONCURRENCY = YES;
				SWIFT_EMIT_LOC_STRINGS = YES;
				SWIFT_UPCOMING_FEATURE_MEMBER_IMPORT_VISIBILITY = YES;
				SWIFT_VERSION = 5.0;
			};
			name = Debug;
		};
		58188371304FE088005F2872 /* Release */ = {
			isa = XCBuildConfiguration;
			buildSettings = {
				CODE_SIGN_STYLE = Automatic;
				CURRENT_PROJECT_VERSION = 1;
				ENABLE_APP_SANDBOX = YES;
				ENABLE_HARDENED_RUNTIME = YES;
				ENABLE_USER_SELECTED_FILES = readonly;
				GENERATE_INFOPLIST_FILE = YES;
				INFOPLIST_FILE = "vimplug Extension/Info.plist";
				INFOPLIST_KEY_CFBundleDisplayName = "vimplug Extension";
				INFOPLIST_KEY_NSHumanReadableCopyright = "";
				LD_RUNPATH_SEARCH_PATHS = (
					"$(inherited)",
					"@executable_path/../Frameworks",
					"@executable_path/../../../../Frameworks",
				);
				MARKETING_VERSION = 1.0;
				OTHER_LDFLAGS = (
					"-framework",
					SafariServices,
				);
				PRODUCT_BUNDLE_IDENTIFIER = space.m1ng.vimplug.Extension;
				PRODUCT_NAME = "$(TARGET_NAME)";
				SKIP_INSTALL = YES;
				STRING_CATALOG_GENERATE_SYMBOLS = YES;
				SWIFT_APPROACHABLE_CONCURRENCY = YES;
				SWIFT_EMIT_LOC_STRINGS = YES;
				SWIFT_UPCOMING_FEATURE_MEMBER_IMPORT_VISIBILITY = YES;
				SWIFT_VERSION = 5.0;
			};
			name = Release;
		};
		58188374304FE088005F2872 /* Debug */ = {
			isa = XCBuildConfiguration;
			buildSettings = {
				ASSETCATALOG_COMPILER_APPICON_NAME = AppIcon;
				ASSETCATALOG_COMPILER_GLOBAL_ACCENT_COLOR_NAME = AccentColor;
				CODE_SIGN_STYLE = Automatic;
				COMBINE_HIDPI_IMAGES = YES;
				CURRENT_PROJECT_VERSION = 1;
				ENABLE_APP_SANDBOX = YES;
				ENABLE_HARDENED_RUNTIME = YES;
				ENABLE_OUTGOING_NETWORK_CONNECTIONS = YES;
				ENABLE_USER_SELECTED_FILES = readonly;
				GENERATE_INFOPLIST_FILE = YES;
				INFOPLIST_FILE = vimplug/Info.plist;
				INFOPLIST_KEY_CFBundleDisplayName = vimplug;
				INFOPLIST_KEY_NSHumanReadableCopyright = "";
				INFOPLIST_KEY_NSMainStoryboardFile = Main;
				INFOPLIST_KEY_NSPrincipalClass = NSApplication;
				LD_RUNPATH_SEARCH_PATHS = (
					"$(inherited)",
					"@executable_path/../Frameworks",
				);
				MARKETING_VERSION = 1.0;
				OTHER_LDFLAGS = (
					"-framework",
					SafariServices,
					"-framework",
					WebKit,
				);
				PRODUCT_BUNDLE_IDENTIFIER = space.m1ng.vimplug;
				PRODUCT_NAME = "$(TARGET_NAME)";
				REGISTER_APP_GROUPS = YES;
				STRING_CATALOG_GENERATE_SYMBOLS = YES;
				SWIFT_APPROACHABLE_CONCURRENCY = YES;
				SWIFT_DEFAULT_ACTOR_ISOLATION = MainActor;
				SWIFT_EMIT_LOC_STRINGS = YES;
				SWIFT_UPCOMING_FEATURE_MEMBER_IMPORT_VISIBILITY = YES;
				SWIFT_VERSION = 5.0;
			};
			name = Debug;
		};
		58188375304FE088005F2872 /* Release */ = {
			isa = XCBuildConfiguration;
			buildSettings = {
				ASSETCATALOG_COMPILER_APPICON_NAME = AppIcon;
				ASSETCATALOG_COMPILER_GLOBAL_ACCENT_COLOR_NAME = AccentColor;
				CODE_SIGN_STYLE = Automatic;
				COMBINE_HIDPI_IMAGES = YES;
				CURRENT_PROJECT_VERSION = 1;
				ENABLE_APP_SANDBOX = YES;
				ENABLE_HARDENED_RUNTIME = YES;
				ENABLE_OUTGOING_NETWORK_CONNECTIONS = YES;
				ENABLE_USER_SELECTED_FILES = readonly;
				GENERATE_INFOPLIST_FILE = YES;
				INFOPLIST_FILE = vimplug/Info.plist;
				INFOPLIST_KEY_CFBundleDisplayName = vimplug;
				INFOPLIST_KEY_NSHumanReadableCopyright = "";
				INFOPLIST_KEY_NSMainStoryboardFile = Main;
				INFOPLIST_KEY_NSPrincipalClass = NSApplication;
				LD_RUNPATH_SEARCH_PATHS = (
					"$(inherited)",
					"@executable_path/../Frameworks",
				);
				MARKETING_VERSION = 1.0;
				OTHER_LDFLAGS = (
					"-framework",
					SafariServices,
					"-framework",
					WebKit,
				);
				PRODUCT_BUNDLE_IDENTIFIER = space.m1ng.vimplug;
				PRODUCT_NAME = "$(TARGET_NAME)";
				REGISTER_APP_GROUPS = YES;
				STRING_CATALOG_GENERATE_SYMBOLS = YES;
				SWIFT_APPROACHABLE_CONCURRENCY = YES;
				SWIFT_DEFAULT_ACTOR_ISOLATION = MainActor;
				SWIFT_EMIT_LOC_STRINGS = YES;
				SWIFT_UPCOMING_FEATURE_MEMBER_IMPORT_VISIBILITY = YES;
				SWIFT_VERSION = 5.0;
			};
			name = Release;
		};
/* End XCBuildConfiguration section */

/* Begin XCConfigurationList section */
		58188345304FE087005F2872 /* Build configuration list for PBXProject "vimplug" */ = {
			isa = XCConfigurationList;
			buildConfigurations = (
				5818836D304FE088005F2872 /* Debug */,
				5818836E304FE088005F2872 /* Release */,
			);
			defaultConfigurationIsVisible = 0;
			defaultConfigurationName = Release;
		};
		5818836F304FE088005F2872 /* Build configuration list for PBXNativeTarget "vimplug Extension" */ = {
			isa = XCConfigurationList;
			buildConfigurations = (
				58188370304FE088005F2872 /* Debug */,
				58188371304FE088005F2872 /* Release */,
			);
			defaultConfigurationIsVisible = 0;
			defaultConfigurationName = Release;
		};
		58188373304FE088005F2872 /* Build configuration list for PBXNativeTarget "vimplug" */ = {
			isa = XCConfigurationList;
			buildConfigurations = (
				58188374304FE088005F2872 /* Debug */,
				58188375304FE088005F2872 /* Release */,
			);
			defaultConfigurationIsVisible = 0;
			defaultConfigurationName = Release;
		};
/* End XCConfigurationList section */
	};
	rootObject = 58188342304FE087005F2872 /* Project object */;
}
